
Microsoft Visual Studio Solution File, Format Version 12.00
# Visual Studio Version 16
VisualStudioVersion = 16.0.31402.337
MinimumVisualStudioVersion = 10.0.40219.1
Project("{FAE04EC0-301F-11D3-BF4B-00C04F79EFBC}") = "Hardware", "Hardware\Hardware.csproj", "{C0F5ECDE-B7AD-42B3-ACF8-D5486B0E4C44}"
EndProject
Project("{FAE04EC0-301F-11D3-BF4B-00C04F79EFBC}") = "Core.DataStructures", "Core.DataStructures\Core.DataStructures.csproj", "{1967AA9E-7FB5-4B63-AD7B-8394D65B6E8F}"
EndProject
Project("{FAE04EC0-301F-11D3-BF4B-00C04F79EFBC}") = "Hardware.Resources", "Hardware.Resources\Hardware.Resources.csproj", "{2DD453BC-D187-4023-9222-48DDF02BA689}"
EndProject
Project("{FAE04EC0-301F-11D3-BF4B-00C04F79EFBC}") = "Diagnostic", "Diagnostic\Diagnostic.csproj", "{7DEB54D9-B9F1-4B05-8D81-D7B4F77631D1}"
EndProject
Project("{FAE04EC0-301F-11D3-BF4B-00C04F79EFBC}") = "IO", "IO\IO.csproj", "{65535B13-4850-4EC8-893D-58F3BC49C457}"
EndProject
Project("{FAE04EC0-301F-11D3-BF4B-00C04F79EFBC}") = "Core", "Core\Core.csproj", "{75DFACF6-E820-4E3F-83D5-1E21FBC92385}"
EndProject
Project("{FAE04EC0-301F-11D3-BF4B-00C04F79EFBC}") = "Hardware.Tests", "Hadware.Tests\Hardware.Tests.csproj", "{99A5662C-2D88-40D4-A8CC-FDFA65964AFF}"
EndProject
Project("{FAE04EC0-301F-11D3-BF4B-00C04F79EFBC}") = "Hardware.Resources.Tests", "Hardware.Resources.Tests\Hardware.Resources.Tests.csproj", "{5F25ACCA-8DA7-4F88-B326-8FC931E23E85}"
EndProject
Project("{FAE04EC0-301F-11D3-BF4B-00C04F79EFBC}") = "Core.Threading", "Core.Threading\Core.Threading.csproj", "{E5630A9F-E4FA-477E-9821-8565812E2C6F}"
EndProject
Project("{FAE04EC0-301F-11D3-BF4B-00C04F79EFBC}") = "Core.DataStructures.Tests", "Core.DataStructures.Tests\Core.DataStructures.Tests.csproj", "{7C81EA22-4F72-4411-82A8-8CEA9FF41AB3}"
EndProject
Project("{FAE04EC0-301F-11D3-BF4B-00C04F79EFBC}") = "Devices", "Devices\Devices.csproj", "{15F9B789-4478-4B0A-9A2A-C2B78F21CF47}"
EndProject
Project("{FAE04EC0-301F-11D3-BF4B-00C04F79EFBC}") = "Core.Converters", "Core.Converters\Core.Converters.csproj", "{7CD54F15-DF6A-4829-8AFD-E714ECF9F505}"
EndProject
Project("{FAE04EC0-301F-11D3-BF4B-00C04F79EFBC}") = "Core.Parameters", "Core.Parameters\Core.Parameters.csproj", "{B0E053BC-1B89-4C83-B819-5EC032B2566F}"
EndProject
Project("{FAE04EC0-301F-11D3-BF4B-00C04F79EFBC}") = "Core.Converters.Tests", "Core.Converters.Tests\Core.Converters.Tests.csproj", "{2B7099E9-BA1C-4DB0-A4FB-96C121031060}"
EndProject
Project("{FAE04EC0-301F-11D3-BF4B-00C04F79EFBC}") = "Mathematics", "Mathematics\Mathematics.csproj", "{CFE7C7F0-3A06-42EC-905B-4B9DB2358BC1}"
EndProject
Project("{FAE04EC0-301F-11D3-BF4B-00C04F79EFBC}") = "Signal.Processing", "Signal.Processing\Signal.Processing.csproj", "{55CB7D92-F9F3-43B8-8A82-D886FC194106}"
EndProject
Project("{FAE04EC0-301F-11D3-BF4B-00C04F79EFBC}") = "Signal.Processing.Tests", "Signal.Processing.Tests\Signal.Processing.Tests.csproj", "{D28BD657-8261-4430-B7BC-3BBA377FCD87}"
EndProject
Project("{FAE04EC0-301F-11D3-BF4B-00C04F79EFBC}") = "Core.Scheduling", "Core.Scheduling\Core.Scheduling.csproj", "{9F1EABB2-F717-46A7-A46C-CE773D25A1AE}"
EndProject
Project("{FAE04EC0-301F-11D3-BF4B-00C04F79EFBC}") = "Core.Scheduling.Tests", "Core.Scheduling.Tests\Core.Scheduling.Tests.csproj", "{37CEFA61-BFAF-4F15-944C-A302B9339DDA}"
EndProject
Project("{FAE04EC0-301F-11D3-BF4B-00C04F79EFBC}") = "IO.File", "IO.File\IO.File.csproj", "{38B143CC-9481-468A-88AF-48DEDBC36C96}"
EndProject
Project("{FAE04EC0-301F-11D3-BF4B-00C04F79EFBC}") = "Core.Scheduling.Wrapper", "Core.Scheduling.Wrapper\Core.Scheduling.Wrapper.csproj", "{7EDD29C2-D0C7-4990-BDEE-117EBC9DEB72}"
EndProject
Project("{FAE04EC0-301F-11D3-BF4B-00C04F79EFBC}") = "UserInterface.Controls", "UserInterface.Components\UserInterface.Controls.csproj", "{4944754E-8566-44D6-933F-38F8DDC98F55}"
EndProject
Global
	GlobalSection(SolutionConfigurationPlatforms) = preSolution
		Debug|Any CPU = Debug|Any CPU
		Release|Any CPU = Release|Any CPU
	EndGlobalSection
	GlobalSection(ProjectConfigurationPlatforms) = postSolution
		{C0F5ECDE-B7AD-42B3-ACF8-D5486B0E4C44}.Debug|Any CPU.ActiveCfg = Debug|Any CPU
		{C0F5ECDE-B7AD-42B3-ACF8-D5486B0E4C44}.Debug|Any CPU.Build.0 = Debug|Any CPU
		{C0F5ECDE-B7AD-42B3-ACF8-D5486B0E4C44}.Release|Any CPU.ActiveCfg = Release|Any CPU
		{C0F5ECDE-B7AD-42B3-ACF8-D5486B0E4C44}.Release|Any CPU.Build.0 = Release|Any CPU
		{1967AA9E-7FB5-4B63-AD7B-8394D65B6E8F}.Debug|Any CPU.ActiveCfg = Debug|Any CPU
		{1967AA9E-7FB5-4B63-AD7B-8394D65B6E8F}.Debug|Any CPU.Build.0 = Debug|Any CPU
		{1967AA9E-7FB5-4B63-AD7B-8394D65B6E8F}.Release|Any CPU.ActiveCfg = Release|Any CPU
		{1967AA9E-7FB5-4B63-AD7B-8394D65B6E8F}.Release|Any CPU.Build.0 = Release|Any CPU
		{2DD453BC-D187-4023-9222-48DDF02BA689}.Debug|Any CPU.ActiveCfg = Debug|Any CPU
		{2DD453BC-D187-4023-9222-48DDF02BA689}.Debug|Any CPU.Build.0 = Debug|Any CPU
		{2DD453BC-D187-4023-9222-48DDF02BA689}.Release|Any CPU.ActiveCfg = Release|Any CPU
		{2DD453BC-D187-4023-9222-48DDF02BA689}.Release|Any CPU.Build.0 = Release|Any CPU
		{7DEB54D9-B9F1-4B05-8D81-D7B4F77631D1}.Debug|Any CPU.ActiveCfg = Debug|Any CPU
		{7DEB54D9-B9F1-4B05-8D81-D7B4F77631D1}.Debug|Any CPU.Build.0 = Debug|Any CPU
		{7DEB54D9-B9F1-4B05-8D81-D7B4F77631D1}.Release|Any CPU.ActiveCfg = Release|Any CPU
		{7DEB54D9-B9F1-4B05-8D81-D7B4F77631D1}.Release|Any CPU.Build.0 = Release|Any CPU
		{65535B13-4850-4EC8-893D-58F3BC49C457}.Debug|Any CPU.ActiveCfg = Debug|Any CPU
		{65535B13-4850-4EC8-893D-58F3BC49C457}.Debug|Any CPU.Build.0 = Debug|Any CPU
		{65535B13-4850-4EC8-893D-58F3BC49C457}.Release|Any CPU.ActiveCfg = Release|Any CPU
		{65535B13-4850-4EC8-893D-58F3BC49C457}.Release|Any CPU.Build.0 = Release|Any CPU
		{75DFACF6-E820-4E3F-83D5-1E21FBC92385}.Debug|Any CPU.ActiveCfg = Debug|Any CPU
		{75DFACF6-E820-4E3F-83D5-1E21FBC92385}.Debug|Any CPU.Build.0 = Debug|Any CPU
		{75DFACF6-E820-4E3F-83D5-1E21FBC92385}.Release|Any CPU.ActiveCfg = Release|Any CPU
		{75DFACF6-E820-4E3F-83D5-1E21FBC92385}.Release|Any CPU.Build.0 = Release|Any CPU
		{99A5662C-2D88-40D4-A8CC-FDFA65964AFF}.Debug|Any CPU.ActiveCfg = Debug|Any CPU
		{99A5662C-2D88-40D4-A8CC-FDFA65964AFF}.Debug|Any CPU.Build.0 = Debug|Any CPU
		{99A5662C-2D88-40D4-A8CC-FDFA65964AFF}.Release|Any CPU.ActiveCfg = Release|Any CPU
		{99A5662C-2D88-40D4-A8CC-FDFA65964AFF}.Release|Any CPU.Build.0 = Release|Any CPU
		{5F25ACCA-8DA7-4F88-B326-8FC931E23E85}.Debug|Any CPU.ActiveCfg = Debug|Any CPU
		{5F25ACCA-8DA7-4F88-B326-8FC931E23E85}.Debug|Any CPU.Build.0 = Debug|Any CPU
		{5F25ACCA-8DA7-4F88-B326-8FC931E23E85}.Release|Any CPU.ActiveCfg = Release|Any CPU
		{5F25ACCA-8DA7-4F88-B326-8FC931E23E85}.Release|Any CPU.Build.0 = Release|Any CPU
		{E5630A9F-E4FA-477E-9821-8565812E2C6F}.Debug|Any CPU.ActiveCfg = Debug|Any CPU
		{E5630A9F-E4FA-477E-9821-8565812E2C6F}.Debug|Any CPU.Build.0 = Debug|Any CPU
		{E5630A9F-E4FA-477E-9821-8565812E2C6F}.Release|Any CPU.ActiveCfg = Release|Any CPU
		{E5630A9F-E4FA-477E-9821-8565812E2C6F}.Release|Any CPU.Build.0 = Release|Any CPU
		{7C81EA22-4F72-4411-82A8-8CEA9FF41AB3}.Debug|Any CPU.ActiveCfg = Debug|Any CPU
		{7C81EA22-4F72-4411-82A8-8CEA9FF41AB3}.Debug|Any CPU.Build.0 = Debug|Any CPU
		{7C81EA22-4F72-4411-82A8-8CEA9FF41AB3}.Release|Any CPU.ActiveCfg = Release|Any CPU
		{7C81EA22-4F72-4411-82A8-8CEA9FF41AB3}.Release|Any CPU.Build.0 = Release|Any CPU
		{15F9B789-4478-4B0A-9A2A-C2B78F21CF47}.Debug|Any CPU.ActiveCfg = Debug|Any CPU
		{15F9B789-4478-4B0A-9A2A-C2B78F21CF47}.Debug|Any CPU.Build.0 = Debug|Any CPU
		{15F9B789-4478-4B0A-9A2A-C2B78F21CF47}.Release|Any CPU.ActiveCfg = Release|Any CPU
		{15F9B789-4478-4B0A-9A2A-C2B78F21CF47}.Release|Any CPU.Build.0 = Release|Any CPU
		{7CD54F15-DF6A-4829-8AFD-E714ECF9F505}.Debug|Any CPU.ActiveCfg = Debug|Any CPU
		{7CD54F15-DF6A-4829-8AFD-E714ECF9F505}.Debug|Any CPU.Build.0 = Debug|Any CPU
		{7CD54F15-DF6A-4829-8AFD-E714ECF9F505}.Release|Any CPU.ActiveCfg = Release|Any CPU
		{7CD54F15-DF6A-4829-8AFD-E714ECF9F505}.Release|Any CPU.Build.0 = Release|Any CPU
		{B0E053BC-1B89-4C83-B819-5EC032B2566F}.Debug|Any CPU.ActiveCfg = Debug|Any CPU
		{B0E053BC-1B89-4C83-B819-5EC032B2566F}.Debug|Any CPU.Build.0 = Debug|Any CPU
		{B0E053BC-1B89-4C83-B819-5EC032B2566F}.Release|Any CPU.ActiveCfg = Release|Any CPU
		{B0E053BC-1B89-4C83-B819-5EC032B2566F}.Release|Any CPU.Build.0 = Release|Any CPU
		{2B7099E9-BA1C-4DB0-A4FB-96C121031060}.Debug|Any CPU.ActiveCfg = Debug|Any CPU
		{2B7099E9-BA1C-4DB0-A4FB-96C121031060}.Debug|Any CPU.Build.0 = Debug|Any CPU
		{2B7099E9-BA1C-4DB0-A4FB-96C121031060}.Release|Any CPU.ActiveCfg = Release|Any CPU
		{2B7099E9-BA1C-4DB0-A4FB-96C121031060}.Release|Any CPU.Build.0 = Release|Any CPU
		{CFE7C7F0-3A06-42EC-905B-4B9DB2358BC1}.Debug|Any CPU.ActiveCfg = Debug|Any CPU
		{CFE7C7F0-3A06-42EC-905B-4B9DB2358BC1}.Debug|Any CPU.Build.0 = Debug|Any CPU
		{CFE7C7F0-3A06-42EC-905B-4B9DB2358BC1}.Release|Any CPU.ActiveCfg = Release|Any CPU
		{CFE7C7F0-3A06-42EC-905B-4B9DB2358BC1}.Release|Any CPU.Build.0 = Release|Any CPU
		{55CB7D92-F9F3-43B8-8A82-D886FC194106}.Debug|Any CPU.ActiveCfg = Debug|Any CPU
		{55CB7D92-F9F3-43B8-8A82-D886FC194106}.Debug|Any CPU.Build.0 = Debug|Any CPU
		{55CB7D92-F9F3-43B8-8A82-D886FC194106}.Release|Any CPU.ActiveCfg = Release|Any CPU
		{55CB7D92-F9F3-43B8-8A82-D886FC194106}.Release|Any CPU.Build.0 = Release|Any CPU
		{D28BD657-8261-4430-B7BC-3BBA377FCD87}.Debug|Any CPU.ActiveCfg = Debug|Any CPU
		{D28BD657-8261-4430-B7BC-3BBA377FCD87}.Debug|Any CPU.Build.0 = Debug|Any CPU
		{D28BD657-8261-4430-B7BC-3BBA377FCD87}.Release|Any CPU.ActiveCfg = Release|Any CPU
		{D28BD657-8261-4430-B7BC-3BBA377FCD87}.Release|Any CPU.Build.0 = Release|Any CPU
		{9F1EABB2-F717-46A7-A46C-CE773D25A1AE}.Debug|Any CPU.ActiveCfg = Debug|Any CPU
		{9F1EABB2-F717-46A7-A46C-CE773D25A1AE}.Debug|Any CPU.Build.0 = Debug|Any CPU
		{9F1EABB2-F717-46A7-A46C-CE773D25A1AE}.Release|Any CPU.ActiveCfg = Release|Any CPU
		{9F1EABB2-F717-46A7-A46C-CE773D25A1AE}.Release|Any CPU.Build.0 = Release|Any CPU
		{37CEFA61-BFAF-4F15-944C-A302B9339DDA}.Debug|Any CPU.ActiveCfg = Debug|Any CPU
		{37CEFA61-BFAF-4F15-944C-A302B9339DDA}.Debug|Any CPU.Build.0 = Debug|Any CPU
		{37CEFA61-BFAF-4F15-944C-A302B9339DDA}.Release|Any CPU.ActiveCfg = Release|Any CPU
		{37CEFA61-BFAF-4F15-944C-A302B9339DDA}.Release|Any CPU.Build.0 = Release|Any CPU
		{38B143CC-9481-468A-88AF-48DEDBC36C96}.Debug|Any CPU.ActiveCfg = Debug|Any CPU
		{38B143CC-9481-468A-88AF-48DEDBC36C96}.Debug|Any CPU.Build.0 = Debug|Any CPU
		{38B143CC-9481-468A-88AF-48DEDBC36C96}.Release|Any CPU.ActiveCfg = Release|Any CPU
		{38B143CC-9481-468A-88AF-48DEDBC36C96}.Release|Any CPU.Build.0 = Release|Any CPU
		{7EDD29C2-D0C7-4990-BDEE-117EBC9DEB72}.Debug|Any CPU.ActiveCfg = Debug|Any CPU
		{7EDD29C2-D0C7-4990-BDEE-117EBC9DEB72}.Debug|Any CPU.Build.0 = Debug|Any CPU
		{7EDD29C2-D0C7-4990-BDEE-117EBC9DEB72}.Release|Any CPU.ActiveCfg = Release|Any CPU
		{7EDD29C2-D0C7-4990-BDEE-117EBC9DEB72}.Release|Any CPU.Build.0 = Release|Any CPU
		{4944754E-8566-44D6-933F-38F8DDC98F55}.Debug|Any CPU.ActiveCfg = Debug|Any CPU
		{4944754E-8566-44D6-933F-38F8DDC98F55}.Debug|Any CPU.Build.0 = Debug|Any CPU
		{4944754E-8566-44D6-933F-38F8DDC98F55}.Release|Any CPU.ActiveCfg = Release|Any CPU
		{4944754E-8566-44D6-933F-38F8DDC98F55}.Release|Any CPU.Build.0 = Release|Any CPU
	EndGlobalSection
	GlobalSection(SolutionProperties) = preSolution
		HideSolutionNode = FALSE
	EndGlobalSection
	GlobalSection(ExtensibilityGlobals) = postSolution
		SolutionGuid = {94CEDAC4-5E2B-4E25-938D-AA666821B1F0}
	EndGlobalSection
EndGlobal
