
Microsoft Visual Studio Solution File, Format Version 12.00
# Visual Studio Version 17
VisualStudioVersion = 17.5.33424.131
MinimumVisualStudioVersion = 10.0.40219.1
Project("{FAE04EC0-301F-11D3-BF4B-00C04F79EFBC}") = "Hardware", "Hardware\Hardware.csproj", "{C0F5ECDE-B7AD-42B3-ACF8-D5486B0E4C44}"
EndProject
Project("{FAE04EC0-301F-11D3-BF4B-00C04F79EFBC}") = "Core.DataStructures", "Core.DataStructures\Core.DataStructures.csproj", "{1967AA9E-7FB5-4B63-AD7B-8394D65B6E8F}"
EndProject
Project("{FAE04EC0-301F-11D3-BF4B-00C04F79EFBC}") = "Hardware.Serial", "Hardware.Serial\Hardware.Serial.csproj", "{2DD453BC-D187-4023-9222-48DDF02BA689}"
EndProject
Project("{FAE04EC0-301F-11D3-BF4B-00C04F79EFBC}") = "Diagnostic", "Diagnostic\Diagnostic.csproj", "{7DEB54D9-B9F1-4B05-8D81-D7B4F77631D1}"
EndProject
Project("{FAE04EC0-301F-11D3-BF4B-00C04F79EFBC}") = "IO", "IO\IO.csproj", "{65535B13-4850-4EC8-893D-58F3BC49C457}"
EndProject
Project("{FAE04EC0-301F-11D3-BF4B-00C04F79EFBC}") = "Core", "Core\Core.csproj", "{75DFACF6-E820-4E3F-83D5-1E21FBC92385}"
EndProject
Project("{FAE04EC0-301F-11D3-BF4B-00C04F79EFBC}") = "Hardware.Tests", "Hadware.Tests\Hardware.Tests.csproj", "{99A5662C-2D88-40D4-A8CC-FDFA65964AFF}"
EndProject
Project("{FAE04EC0-301F-11D3-BF4B-00C04F79EFBC}") = "Hardware.Resources.Tests", "Hardware.Resources.Tests\Hardware.Resources.Tests.csproj", "{5F25ACCA-8DA7-4F88-B326-8FC931E23E85}"
EndProject
Project("{FAE04EC0-301F-11D3-BF4B-00C04F79EFBC}") = "Core.Threading", "Core.Threading\Core.Threading.csproj", "{E5630A9F-E4FA-477E-9821-8565812E2C6F}"
EndProject
Project("{FAE04EC0-301F-11D3-BF4B-00C04F79EFBC}") = "Core.DataStructures.Tests", "Core.DataStructures.Tests\Core.DataStructures.Tests.csproj", "{7C81EA22-4F72-4411-82A8-8CEA9FF41AB3}"
EndProject
Project("{FAE04EC0-301F-11D3-BF4B-00C04F79EFBC}") = "Devices", "Devices\Devices.csproj", "{15F9B789-4478-4B0A-9A2A-C2B78F21CF47}"
EndProject
Project("{FAE04EC0-301F-11D3-BF4B-00C04F79EFBC}") = "Core.Converters", "Core.Converters\Core.Converters.csproj", "{7CD54F15-DF6A-4829-8AFD-E714ECF9F505}"
EndProject
Project("{FAE04EC0-301F-11D3-BF4B-00C04F79EFBC}") = "Core.Parameters", "Core.Parameters\Core.Parameters.csproj", "{B0E053BC-1B89-4C83-B819-5EC032B2566F}"
EndProject
Project("{FAE04EC0-301F-11D3-BF4B-00C04F79EFBC}") = "Core.Converters.Tests", "Core.Converters.Tests\Core.Converters.Tests.csproj", "{2B7099E9-BA1C-4DB0-A4FB-96C121031060}"
EndProject
Project("{FAE04EC0-301F-11D3-BF4B-00C04F79EFBC}") = "Mathematics", "Mathematics\Mathematics.csproj", "{CFE7C7F0-3A06-42EC-905B-4B9DB2358BC1}"
EndProject
Project("{FAE04EC0-301F-11D3-BF4B-00C04F79EFBC}") = "Signal.Processing", "Signal.Processing\Signal.Processing.csproj", "{55CB7D92-F9F3-43B8-8A82-D886FC194106}"
EndProject
Project("{FAE04EC0-301F-11D3-BF4B-00C04F79EFBC}") = "Signal.Processing.Tests", "Signal.Processing.Tests\Signal.Processing.Tests.csproj", "{D28BD657-8261-4430-B7BC-3BBA377FCD87}"
EndProject
Project("{FAE04EC0-301F-11D3-BF4B-00C04F79EFBC}") = "Core.Scheduling", "Core.Scheduling\Core.Scheduling.csproj", "{9F1EABB2-F717-46A7-A46C-CE773D25A1AE}"
EndProject
Project("{FAE04EC0-301F-11D3-BF4B-00C04F79EFBC}") = "IO.File", "IO.File\IO.File.csproj", "{38B143CC-9481-468A-88AF-48DEDBC36C96}"
EndProject
Project("{FAE04EC0-301F-11D3-BF4B-00C04F79EFBC}") = "Core.Scheduling.Wrapper", "Core.Scheduling.Wrapper\Core.Scheduling.Wrapper.csproj", "{7EDD29C2-D0C7-4990-BDEE-117EBC9DEB72}"
EndProject
Project("{FAE04EC0-301F-11D3-BF4B-00C04F79EFBC}") = "UserInterface.Controls", "UserInterface.Components\UserInterface.Controls.csproj", "{4944754E-8566-44D6-933F-38F8DDC98F55}"
EndProject
Project("{FAE04EC0-301F-11D3-BF4B-00C04F79EFBC}") = "Core.Threading.Tests", "Core.Threading.Tests\Core.Threading.Tests.csproj", "{9BAE02F8-17B1-4DBD-BAB5-9387981AD393}"
EndProject
Project("{FAE04EC0-301F-11D3-BF4B-00C04F79EFBC}") = "Extensions", "Extensions\Extensions.csproj", "{9A12DE29-C4AD-42CE-AB4B-88EBC819E83A}"
EndProject
Project("{FAE04EC0-301F-11D3-BF4B-00C04F79EFBC}") = "Extensions.Tests", "Extensions.Tests\Extensions.Tests.csproj", "{80459AAC-6834-4276-A000-ADB9EF874AC9}"
EndProject
Project("{FAE04EC0-301F-11D3-BF4B-00C04F79EFBC}") = "Devices.Tests", "Devices.Tests\Devices.Tests.csproj", "{A288B86C-BC4E-4502-A88C-DF4A0DFBA7A7}"
EndProject
Project("{FAE04EC0-301F-11D3-BF4B-00C04F79EFBC}") = "Devices.Template", "Devices.Template\Devices.Template.csproj", "{E9679662-FCA3-487B-9431-66620EE23328}"
EndProject
Project("{FAE04EC0-301F-11D3-BF4B-00C04F79EFBC}") = "Instructions", "Instructions\Instructions.csproj", "{C8BDFAEE-7C9D-49EB-80BA-7667D4CB0766}"
EndProject
Project("{FAE04EC0-301F-11D3-BF4B-00C04F79EFBC}") = "Diagnostic.Tests", "Diagnostic.Tests\Diagnostic.Tests.csproj", "{31DC41A0-A797-4334-AE71-8FA88C6DBB8D}"
EndProject
Project("{FAE04EC0-301F-11D3-BF4B-00C04F79EFBC}") = "Hardware.Tcp", "Hardware.Tcp\Hardware.Tcp.csproj", "{281409C8-104C-4167-B5E9-DA9032034803}"
EndProject
Project("{FAE04EC0-301F-11D3-BF4B-00C04F79EFBC}") = "Hardware.Modbus", "Hardware.Modbus\Hardware.Modbus.csproj", "{FA1A2A2F-C31D-4588-AFDD-EFCBE654E93D}"
EndProject
Project("{FAE04EC0-301F-11D3-BF4B-00C04F79EFBC}") = "Core.Scripting", "Core.Scripting\Core.Scripting.csproj", "{25580F3F-E2B3-4762-8E40-1D3378456F14}"
EndProject
Project("{FAE04EC0-301F-11D3-BF4B-00C04F79EFBC}") = "Core.Scripting.Tests", "Core.Scripting.Tests\Core.Scripting.Tests.csproj", "{D030AF54-4C87-4B75-8BBF-67A3CBFCA8F6}"
EndProject
Project("{FAE04EC0-301F-11D3-BF4B-00C04F79EFBC}") = "UserInterface.Notifications", "UserInterface.Notifications\UserInterface.Notifications.csproj", "{D65964B8-A80A-4ED6-A702-AC871529813F}"
EndProject
Project("{FAE04EC0-301F-11D3-BF4B-00C04F79EFBC}") = "Hardware.Can", "Hardware.Can\Hardware.Can.csproj", "{12360666-20BA-42C9-BC06-5F3766B11BB7}"
EndProject
Project("{FAE04EC0-301F-11D3-BF4B-00C04F79EFBC}") = "Hardware.Can.Peak", "Hardware.Can.Peak\Hardware.Can.Peak.csproj", "{589DA018-3B3A-4E20-95C8-3A8F046B598D}"
EndProject
Project("{FAE04EC0-301F-11D3-BF4B-00C04F79EFBC}") = "Control.PID", "Control.PID\Control.PID.csproj", "{38B8B17B-720B-4C82-982D-B9935F372934}"
EndProject
Project("{FAE04EC0-301F-11D3-BF4B-00C04F79EFBC}") = "Control.PID.Tests", "Control.PID.Tests\Control.PID.Tests.csproj", "{A4232BF0-D141-40DD-80BD-77F3948C5E7B}"
EndProject
Project("{FAE04EC0-301F-11D3-BF4B-00C04F79EFBC}") = "Control", "Control\Control.csproj", "{C52AC350-467D-4937-813F-6E382808424F}"
EndProject
Project("{FAE04EC0-301F-11D3-BF4B-00C04F79EFBC}") = "Hardware.Opc.Ua", "Hardware.Opc.Ua\Hardware.Opc.Ua.csproj", "{EB596D39-A488-4C33-9760-04C4AD3CD6D6}"
EndProject
Project("{FAE04EC0-301F-11D3-BF4B-00C04F79EFBC}") = "Database", "Database\Database.csproj", "{EF533670-2BB7-4B0F-B8D3-BDD4F85DD43C}"
EndProject
Project("{FAE04EC0-301F-11D3-BF4B-00C04F79EFBC}") = "Database.Tests", "Database.Tests\Database.Tests.csproj", "{2FBE984D-BEB8-4C12-BC8A-193E5BD4A9E4}"
EndProject
Project("{FAE04EC0-301F-11D3-BF4B-00C04F79EFBC}") = "Rest", "Rest\Rest.csproj", "{19F7A860-0B47-4D98-A429-26521BB990A9}"
EndProject
Project("{FAE04EC0-301F-11D3-BF4B-00C04F79EFBC}") = "Configurations", "Configurations\Configurations.csproj", "{EE43F7DF-EF10-4293-86A5-CD2069CBCFAF}"
EndProject
Project("{2150E333-8FDC-42A3-9474-1A3956D46DE8}") = "Solution Items", "Solution Items", "{09E339FE-BC22-453C-B845-2044A68EB16D}"
	ProjectSection(SolutionItems) = preProject
		.editorconfig = .editorconfig
	EndProjectSection
EndProject
Project("{FAE04EC0-301F-11D3-BF4B-00C04F79EFBC}") = "UserInterface.Controls.Tests", "UserInterface.Controls.Tests\UserInterface.Controls.Tests.csproj", "{5F390910-D0E6-41C4-A675-F6966FDCCD16}"
EndProject
Project("{FAE04EC0-301F-11D3-BF4B-00C04F79EFBC}") = "Hardware.Libnodave", "Hardware.Libnodave\Hardware.Libnodave.csproj", "{9FEC93E8-0769-4C30-AEC8-BAAB81B7FC83}"
EndProject
Project("{FAE04EC0-301F-11D3-BF4B-00C04F79EFBC}") = "ArtificialIntelligence", "ArtificialIntelligence\ArtificialIntelligence.csproj", "{EA07A9D7-5652-48F4-84A5-496CBF3E1966}"
EndProject
Project("{FAE04EC0-301F-11D3-BF4B-00C04F79EFBC}") = "ArtificialIntelligence.Tests", "ArtificialIntelligence.Tests\ArtificialIntelligence.Tests.csproj", "{091B78FE-311A-46B4-A70C-DDAD0C7AC35D}"
EndProject
Project("{FAE04EC0-301F-11D3-BF4B-00C04F79EFBC}") = "Hardware.Twincat", "Hardware.Twincat\Hardware.Twincat.csproj", "{6123D049-DC7C-4AF1-8D69-B50A2E524528}"
EndProject
Project("{FAE04EC0-301F-11D3-BF4B-00C04F79EFBC}") = "Hardware.Snap7", "Hardware.Snap7\Hardware.Snap7.csproj", "{E30DE686-EC0A-4D26-BD11-0215237333A8}"
EndProject
Project("{FAE04EC0-301F-11D3-BF4B-00C04F79EFBC}") = "Mathematics.FuzzyLogic", "Mathematics.FuzzyLogic\Mathematics.FuzzyLogic.csproj", "{2209EE15-FE0C-4641-A0B4-F16E3A5FD742}"
EndProject
Project("{FAE04EC0-301F-11D3-BF4B-00C04F79EFBC}") = "Mathematics.FuzzyLogic.Tests", "Mathematics.FuzzyLogic.Tests\Mathematics.FuzzyLogic.Tests.csproj", "{A72EE1C3-0A75-4202-A2AF-16154A72566B}"
EndProject
Project("{FAE04EC0-301F-11D3-BF4B-00C04F79EFBC}") = "UpdateAssemblyInfo", "UpdateAssemblyInfo\UpdateAssemblyInfo.csproj", "{56A892A9-B798-4A71-AD01-35F505F60F1D}"
EndProject
Project("{FAE04EC0-301F-11D3-BF4B-00C04F79EFBC}") = "Instructions.Common", "Instructions.Common\Instructions.Common.csproj", "{43A9CA1B-AC5B-4BEE-94ED-62A71DB828D4}"
EndProject
Project("{FAE04EC0-301F-11D3-BF4B-00C04F79EFBC}") = "Instructions.Common.Tests", "Instructions.Common.Tests\Instructions.Common.Tests.csproj", "{64D1E446-5306-4280-A0B5-08B8AE59DCC8}"
EndProject
Project("{FAE04EC0-301F-11D3-BF4B-00C04F79EFBC}") = "Core.Conditions", "Core.Conditions\Core.Conditions.csproj", "{694CD750-5601-4C5F-A881-3B330E4CAF43}"
EndProject
Project("{FAE04EC0-301F-11D3-BF4B-00C04F79EFBC}") = "Core.Conditions.Tests", "Core.Conditions.Tests\Core.Conditions.Tests.csproj", "{1CB6A5A6-CF98-46AF-84E7-0CA1D6D55483}"
EndProject
Project("{FAE04EC0-301F-11D3-BF4B-00C04F79EFBC}") = "Core.Converters.Calibrations", "Core.Converters.Calibrations\Core.Converters.Calibrations.csproj", "{F9FBF2F0-D1D9-4EF6-9E06-26545B9FFEC8}"
EndProject
Project("{FAE04EC0-301F-11D3-BF4B-00C04F79EFBC}") = "Core.Converters.Calibrations.Tests", "Core.Converters.Calibrations.Tests\Core.Converters.Calibrations.Tests.csproj", "{46E95530-6777-4DDE-9F0C-716B5D4BFF5B}"
EndProject
Project("{FAE04EC0-301F-11D3-BF4B-00C04F79EFBC}") = "Hash", "Hash\Hash.csproj", "{B9BAFADD-8808-4693-9D3C-B6674CAE4069}"
EndProject
Project("{FAE04EC0-301F-11D3-BF4B-00C04F79EFBC}") = "Control.Hysteresis", "Control.Hysteresis\Control.Hysteresis.csproj", "{49AF443A-0213-40AE-9B4E-FE42454D7D8F}"
EndProject
Project("{FAE04EC0-301F-11D3-BF4B-00C04F79EFBC}") = "Control.Hysteresis.Tests", "Control.Hysteresis.Tests\Control.Hysteresis.Tests.csproj", "{11E59156-985B-4812-9039-2136F0506676}"
EndProject
Project("{FAE04EC0-301F-11D3-BF4B-00C04F79EFBC}") = "UserInterface.Dashboards", "UserInterface.Dashboards\UserInterface.Dashboards.csproj", "{9B1C640E-F741-4635-961A-8AC14EF2C522}"
EndProject
Project("{FAE04EC0-301F-11D3-BF4B-00C04F79EFBC}") = "UserInterafce.Forms", "UserInterafce.Forms\UserInterafce.Forms.csproj", "{C0995E8E-9811-4909-8D33-CECEC75E7646}"
EndProject
Project("{FAE04EC0-301F-11D3-BF4B-00C04F79EFBC}") = "UserInterface.Dashboards.Tests", "UserInterface.Dashboards.Tests\UserInterface.Dashboards.Tests.csproj", "{0E2F8AD1-A92D-454B-B156-931CB9877EE9}"
EndProject
Project("{FAE04EC0-301F-11D3-BF4B-00C04F79EFBC}") = "Control.Pwm", "Control.Pwm\Control.Pwm.csproj", "{0B61160C-65D8-4AC9-B301-60A9EA80C4F4}"
EndProject
Project("{FAE04EC0-301F-11D3-BF4B-00C04F79EFBC}") = "Control.Pwm.Tests", "Control.PwmRegulator.Tests\Control.Pwm.Tests.csproj", "{0D5DDAD8-12C3-4150-9BEB-36F5FD475778}"
EndProject
Project("{FAE04EC0-301F-11D3-BF4B-00C04F79EFBC}") = "Control.FuzzyRegulator", "Control.FuzzyRegulator\Control.FuzzyRegulator.csproj", "{F60BA1C5-E1D6-4A6D-AD37-76B8E9F7D94C}"
EndProject
Project("{FAE04EC0-301F-11D3-BF4B-00C04F79EFBC}") = "Control.FuzzyRegulator.Tests", "Control.FuzzyRegulator.Tests\Control.FuzzyRegulator.Tests.csproj", "{57ABE9E2-9A27-4AF0-9938-04A3B8C000F1}"
EndProject
Project("{FAE04EC0-301F-11D3-BF4B-00C04F79EFBC}") = "Mathematics.DifferentialEquation", "Mathematics.DifferentialEquation\Mathematics.DifferentialEquation.csproj", "{E663FE61-8032-4D15-9231-8D7F4C579542}"
EndProject
Project("{FAE04EC0-301F-11D3-BF4B-00C04F79EFBC}") = "Tasks", "Tasks\Tasks.csproj", "{34F33C33-F362-4400-9CBD-828B902A9093}"
EndProject
Project("{FAE04EC0-301F-11D3-BF4B-00C04F79EFBC}") = "Hardware.Raspberry.Gpio", "Hardware.Raspberry.Gpio\Hardware.Raspberry.Gpio.csproj", "{FF71DC5D-F34F-4EA5-A6B9-37CCCFB80B64}"
EndProject
Project("{2150E333-8FDC-42A3-9474-1A3956D46DE8}") = "core", "core", "{27B26787-8FA8-4606-BF98-2278A6736553}"
EndProject
Project("{2150E333-8FDC-42A3-9474-1A3956D46DE8}") = "control", "control", "{D614D086-8DDB-4B5C-8508-FD0A7411CF88}"
EndProject
Project("{2150E333-8FDC-42A3-9474-1A3956D46DE8}") = "devices", "devices", "{DE0F0672-425B-46C5-8457-E077D4615D0A}"
EndProject
Project("{2150E333-8FDC-42A3-9474-1A3956D46DE8}") = "diagnostic", "diagnostic", "{FD407DD8-26D8-458B-A80F-234CD291E8DD}"
EndProject
Project("{2150E333-8FDC-42A3-9474-1A3956D46DE8}") = "hardware", "hardware", "{6C1F336D-3B00-40B5-967F-F413B52CAC56}"
EndProject
Project("{2150E333-8FDC-42A3-9474-1A3956D46DE8}") = "instructions", "instructions", "{7E49A6B0-7F1F-4F49-819F-7FDE20BDC166}"
EndProject
Project("{2150E333-8FDC-42A3-9474-1A3956D46DE8}") = "mathematics", "mathematics", "{6C42BBB3-9D9F-4CDD-927A-B41641B77BB7}"
EndProject
Project("{2150E333-8FDC-42A3-9474-1A3956D46DE8}") = "signal", "signal", "{B585153B-CF8E-4705-9897-B5AD6C55B3BA}"
EndProject
Project("{2150E333-8FDC-42A3-9474-1A3956D46DE8}") = "ui", "ui", "{74277CD5-E06B-427B-AE69-4246D225F79D}"
EndProject
Project("{2150E333-8FDC-42A3-9474-1A3956D46DE8}") = "io", "io", "{9A397340-330A-45D7-B262-9C1CC03ABE50}"
EndProject
Project("{FAE04EC0-301F-11D3-BF4B-00C04F79EFBC}") = "Configurations.Tests", "Configurations.Tests\Configurations.Tests.csproj", "{9448BA7C-D04A-4DAD-91E6-3E8A77AD504F}"
EndProject
Project("{2150E333-8FDC-42A3-9474-1A3956D46DE8}") = "db", "db", "{253BC509-7FA3-40EC-B528-732F961C55F9}"
EndProject
Project("{FAE04EC0-301F-11D3-BF4B-00C04F79EFBC}") = "Database.Entity", "Database.Entity\Database.Entity.csproj", "{4D109BB1-F427-4C4E-8093-586D5AA31455}"
EndProject
Project("{FAE04EC0-301F-11D3-BF4B-00C04F79EFBC}") = "NotificationMessages", "NotificationMessages\NotificationMessages.csproj", "{0B385A10-D191-4514-84E0-4099F2240903}"
EndProject
Project("{FAE04EC0-301F-11D3-BF4B-00C04F79EFBC}") = "Mathematics.Interpolation", "Mathematics.Interpolation\Mathematics.Interpolation.csproj", "{0352DD33-CD38-4A3C-B976-744E04DFB8C8}"
EndProject
Project("{FAE04EC0-301F-11D3-BF4B-00C04F79EFBC}") = "Diagnostic.Report", "Diagnostic.Report\Diagnostic.Report.csproj", "{3F66C2AA-116B-4506-B130-09FD63162438}"
EndProject
Project("{FAE04EC0-301F-11D3-BF4B-00C04F79EFBC}") = "Diagnostic.Report.Tests", "Diagnostic.Report.Tests\Diagnostic.Report.Tests.csproj", "{07FC2915-237B-4ABE-8587-2C9A1CED0FFD}"
EndProject
Project("{9A19103F-16F7-4668-BE54-9A1E7A4F7556}") = "Hardware.Tcp.IntegrationTest", "Hardware.Tcp.IntegrationTest\Hardware.Tcp.IntegrationTest.csproj", "{1BD94806-6EEF-4253-9614-5A741474918F}"
EndProject
Project("{FAE04EC0-301F-11D3-BF4B-00C04F79EFBC}") = "DiagnosticMessages", "DiagnosticMessages\DiagnosticMessages.csproj", "{4C9DFD9B-D4EF-4565-9612-CF5096B3CA74}"
EndProject
Project("{FAE04EC0-301F-11D3-BF4B-00C04F79EFBC}") = "DiagnosticMessages.Tests", "DiagnosticMessages.Tests\DiagnosticMessages.Tests.csproj", "{BAFB9004-AF5E-49F7-A4F0-A184713EBC91}"
EndProject
Project("{FAE04EC0-301F-11D3-BF4B-00C04F79EFBC}") = "Tasks.Tests", "Tasks.Tests\Tasks.Tests.csproj", "{2A6BBE03-309C-4F70-8EC5-3EF70990A232}"
EndProject
Project("{2150E333-8FDC-42A3-9474-1A3956D46DE8}") = "messages", "messages", "{13E1C4F9-F781-417C-BF9D-6C982F73749A}"
EndProject
Global
	GlobalSection(SolutionConfigurationPlatforms) = preSolution
		Debug|Any CPU = Debug|Any CPU
		Release|Any CPU = Release|Any CPU
	EndGlobalSection
	GlobalSection(ProjectConfigurationPlatforms) = postSolution
		{C0F5ECDE-B7AD-42B3-ACF8-D5486B0E4C44}.Debug|Any CPU.ActiveCfg = Debug|Any CPU
		{C0F5ECDE-B7AD-42B3-ACF8-D5486B0E4C44}.Debug|Any CPU.Build.0 = Debug|Any CPU
		{C0F5ECDE-B7AD-42B3-ACF8-D5486B0E4C44}.Release|Any CPU.ActiveCfg = Release|Any CPU
		{C0F5ECDE-B7AD-42B3-ACF8-D5486B0E4C44}.Release|Any CPU.Build.0 = Release|Any CPU
		{1967AA9E-7FB5-4B63-AD7B-8394D65B6E8F}.Debug|Any CPU.ActiveCfg = Debug|Any CPU
		{1967AA9E-7FB5-4B63-AD7B-8394D65B6E8F}.Debug|Any CPU.Build.0 = Debug|Any CPU
		{1967AA9E-7FB5-4B63-AD7B-8394D65B6E8F}.Release|Any CPU.ActiveCfg = Release|Any CPU
		{1967AA9E-7FB5-4B63-AD7B-8394D65B6E8F}.Release|Any CPU.Build.0 = Release|Any CPU
		{2DD453BC-D187-4023-9222-48DDF02BA689}.Debug|Any CPU.ActiveCfg = Debug|Any CPU
		{2DD453BC-D187-4023-9222-48DDF02BA689}.Debug|Any CPU.Build.0 = Debug|Any CPU
		{2DD453BC-D187-4023-9222-48DDF02BA689}.Release|Any CPU.ActiveCfg = Release|Any CPU
		{2DD453BC-D187-4023-9222-48DDF02BA689}.Release|Any CPU.Build.0 = Release|Any CPU
		{7DEB54D9-B9F1-4B05-8D81-D7B4F77631D1}.Debug|Any CPU.ActiveCfg = Debug|Any CPU
		{7DEB54D9-B9F1-4B05-8D81-D7B4F77631D1}.Debug|Any CPU.Build.0 = Debug|Any CPU
		{7DEB54D9-B9F1-4B05-8D81-D7B4F77631D1}.Release|Any CPU.ActiveCfg = Release|Any CPU
		{7DEB54D9-B9F1-4B05-8D81-D7B4F77631D1}.Release|Any CPU.Build.0 = Release|Any CPU
		{65535B13-4850-4EC8-893D-58F3BC49C457}.Debug|Any CPU.ActiveCfg = Debug|Any CPU
		{65535B13-4850-4EC8-893D-58F3BC49C457}.Debug|Any CPU.Build.0 = Debug|Any CPU
		{65535B13-4850-4EC8-893D-58F3BC49C457}.Release|Any CPU.ActiveCfg = Release|Any CPU
		{65535B13-4850-4EC8-893D-58F3BC49C457}.Release|Any CPU.Build.0 = Release|Any CPU
		{75DFACF6-E820-4E3F-83D5-1E21FBC92385}.Debug|Any CPU.ActiveCfg = Debug|Any CPU
		{75DFACF6-E820-4E3F-83D5-1E21FBC92385}.Debug|Any CPU.Build.0 = Debug|Any CPU
		{75DFACF6-E820-4E3F-83D5-1E21FBC92385}.Release|Any CPU.ActiveCfg = Release|Any CPU
		{75DFACF6-E820-4E3F-83D5-1E21FBC92385}.Release|Any CPU.Build.0 = Release|Any CPU
		{99A5662C-2D88-40D4-A8CC-FDFA65964AFF}.Debug|Any CPU.ActiveCfg = Debug|Any CPU
		{99A5662C-2D88-40D4-A8CC-FDFA65964AFF}.Debug|Any CPU.Build.0 = Debug|Any CPU
		{99A5662C-2D88-40D4-A8CC-FDFA65964AFF}.Release|Any CPU.ActiveCfg = Release|Any CPU
		{99A5662C-2D88-40D4-A8CC-FDFA65964AFF}.Release|Any CPU.Build.0 = Release|Any CPU
		{5F25ACCA-8DA7-4F88-B326-8FC931E23E85}.Debug|Any CPU.ActiveCfg = Debug|Any CPU
		{5F25ACCA-8DA7-4F88-B326-8FC931E23E85}.Debug|Any CPU.Build.0 = Debug|Any CPU
		{5F25ACCA-8DA7-4F88-B326-8FC931E23E85}.Release|Any CPU.ActiveCfg = Release|Any CPU
		{5F25ACCA-8DA7-4F88-B326-8FC931E23E85}.Release|Any CPU.Build.0 = Release|Any CPU
		{E5630A9F-E4FA-477E-9821-8565812E2C6F}.Debug|Any CPU.ActiveCfg = Debug|Any CPU
		{E5630A9F-E4FA-477E-9821-8565812E2C6F}.Debug|Any CPU.Build.0 = Debug|Any CPU
		{E5630A9F-E4FA-477E-9821-8565812E2C6F}.Release|Any CPU.ActiveCfg = Release|Any CPU
		{E5630A9F-E4FA-477E-9821-8565812E2C6F}.Release|Any CPU.Build.0 = Release|Any CPU
		{7C81EA22-4F72-4411-82A8-8CEA9FF41AB3}.Debug|Any CPU.ActiveCfg = Debug|Any CPU
		{7C81EA22-4F72-4411-82A8-8CEA9FF41AB3}.Debug|Any CPU.Build.0 = Debug|Any CPU
		{7C81EA22-4F72-4411-82A8-8CEA9FF41AB3}.Release|Any CPU.ActiveCfg = Release|Any CPU
		{7C81EA22-4F72-4411-82A8-8CEA9FF41AB3}.Release|Any CPU.Build.0 = Release|Any CPU
		{15F9B789-4478-4B0A-9A2A-C2B78F21CF47}.Debug|Any CPU.ActiveCfg = Debug|Any CPU
		{15F9B789-4478-4B0A-9A2A-C2B78F21CF47}.Debug|Any CPU.Build.0 = Debug|Any CPU
		{15F9B789-4478-4B0A-9A2A-C2B78F21CF47}.Release|Any CPU.ActiveCfg = Release|Any CPU
		{15F9B789-4478-4B0A-9A2A-C2B78F21CF47}.Release|Any CPU.Build.0 = Release|Any CPU
		{7CD54F15-DF6A-4829-8AFD-E714ECF9F505}.Debug|Any CPU.ActiveCfg = Debug|Any CPU
		{7CD54F15-DF6A-4829-8AFD-E714ECF9F505}.Debug|Any CPU.Build.0 = Debug|Any CPU
		{7CD54F15-DF6A-4829-8AFD-E714ECF9F505}.Release|Any CPU.ActiveCfg = Release|Any CPU
		{7CD54F15-DF6A-4829-8AFD-E714ECF9F505}.Release|Any CPU.Build.0 = Release|Any CPU
		{B0E053BC-1B89-4C83-B819-5EC032B2566F}.Debug|Any CPU.ActiveCfg = Debug|Any CPU
		{B0E053BC-1B89-4C83-B819-5EC032B2566F}.Debug|Any CPU.Build.0 = Debug|Any CPU
		{B0E053BC-1B89-4C83-B819-5EC032B2566F}.Release|Any CPU.ActiveCfg = Release|Any CPU
		{B0E053BC-1B89-4C83-B819-5EC032B2566F}.Release|Any CPU.Build.0 = Release|Any CPU
		{2B7099E9-BA1C-4DB0-A4FB-96C121031060}.Debug|Any CPU.ActiveCfg = Debug|Any CPU
		{2B7099E9-BA1C-4DB0-A4FB-96C121031060}.Debug|Any CPU.Build.0 = Debug|Any CPU
		{2B7099E9-BA1C-4DB0-A4FB-96C121031060}.Release|Any CPU.ActiveCfg = Release|Any CPU
		{2B7099E9-BA1C-4DB0-A4FB-96C121031060}.Release|Any CPU.Build.0 = Release|Any CPU
		{CFE7C7F0-3A06-42EC-905B-4B9DB2358BC1}.Debug|Any CPU.ActiveCfg = Debug|Any CPU
		{CFE7C7F0-3A06-42EC-905B-4B9DB2358BC1}.Debug|Any CPU.Build.0 = Debug|Any CPU
		{CFE7C7F0-3A06-42EC-905B-4B9DB2358BC1}.Release|Any CPU.ActiveCfg = Release|Any CPU
		{CFE7C7F0-3A06-42EC-905B-4B9DB2358BC1}.Release|Any CPU.Build.0 = Release|Any CPU
		{55CB7D92-F9F3-43B8-8A82-D886FC194106}.Debug|Any CPU.ActiveCfg = Debug|Any CPU
		{55CB7D92-F9F3-43B8-8A82-D886FC194106}.Debug|Any CPU.Build.0 = Debug|Any CPU
		{55CB7D92-F9F3-43B8-8A82-D886FC194106}.Release|Any CPU.ActiveCfg = Release|Any CPU
		{55CB7D92-F9F3-43B8-8A82-D886FC194106}.Release|Any CPU.Build.0 = Release|Any CPU
		{D28BD657-8261-4430-B7BC-3BBA377FCD87}.Debug|Any CPU.ActiveCfg = Debug|Any CPU
		{D28BD657-8261-4430-B7BC-3BBA377FCD87}.Debug|Any CPU.Build.0 = Debug|Any CPU
		{D28BD657-8261-4430-B7BC-3BBA377FCD87}.Release|Any CPU.ActiveCfg = Release|Any CPU
		{D28BD657-8261-4430-B7BC-3BBA377FCD87}.Release|Any CPU.Build.0 = Release|Any CPU
		{9F1EABB2-F717-46A7-A46C-CE773D25A1AE}.Debug|Any CPU.ActiveCfg = Debug|Any CPU
		{9F1EABB2-F717-46A7-A46C-CE773D25A1AE}.Debug|Any CPU.Build.0 = Debug|Any CPU
		{9F1EABB2-F717-46A7-A46C-CE773D25A1AE}.Release|Any CPU.ActiveCfg = Release|Any CPU
		{9F1EABB2-F717-46A7-A46C-CE773D25A1AE}.Release|Any CPU.Build.0 = Release|Any CPU
		{38B143CC-9481-468A-88AF-48DEDBC36C96}.Debug|Any CPU.ActiveCfg = Debug|Any CPU
		{38B143CC-9481-468A-88AF-48DEDBC36C96}.Debug|Any CPU.Build.0 = Debug|Any CPU
		{38B143CC-9481-468A-88AF-48DEDBC36C96}.Release|Any CPU.ActiveCfg = Release|Any CPU
		{38B143CC-9481-468A-88AF-48DEDBC36C96}.Release|Any CPU.Build.0 = Release|Any CPU
		{7EDD29C2-D0C7-4990-BDEE-117EBC9DEB72}.Debug|Any CPU.ActiveCfg = Debug|Any CPU
		{7EDD29C2-D0C7-4990-BDEE-117EBC9DEB72}.Debug|Any CPU.Build.0 = Debug|Any CPU
		{7EDD29C2-D0C7-4990-BDEE-117EBC9DEB72}.Release|Any CPU.ActiveCfg = Release|Any CPU
		{7EDD29C2-D0C7-4990-BDEE-117EBC9DEB72}.Release|Any CPU.Build.0 = Release|Any CPU
		{4944754E-8566-44D6-933F-38F8DDC98F55}.Debug|Any CPU.ActiveCfg = Debug|Any CPU
		{4944754E-8566-44D6-933F-38F8DDC98F55}.Debug|Any CPU.Build.0 = Debug|Any CPU
		{4944754E-8566-44D6-933F-38F8DDC98F55}.Release|Any CPU.ActiveCfg = Release|Any CPU
		{4944754E-8566-44D6-933F-38F8DDC98F55}.Release|Any CPU.Build.0 = Release|Any CPU
		{9BAE02F8-17B1-4DBD-BAB5-9387981AD393}.Debug|Any CPU.ActiveCfg = Debug|Any CPU
		{9BAE02F8-17B1-4DBD-BAB5-9387981AD393}.Debug|Any CPU.Build.0 = Debug|Any CPU
		{9BAE02F8-17B1-4DBD-BAB5-9387981AD393}.Release|Any CPU.ActiveCfg = Release|Any CPU
		{9BAE02F8-17B1-4DBD-BAB5-9387981AD393}.Release|Any CPU.Build.0 = Release|Any CPU
		{9A12DE29-C4AD-42CE-AB4B-88EBC819E83A}.Debug|Any CPU.ActiveCfg = Debug|Any CPU
		{9A12DE29-C4AD-42CE-AB4B-88EBC819E83A}.Debug|Any CPU.Build.0 = Debug|Any CPU
		{9A12DE29-C4AD-42CE-AB4B-88EBC819E83A}.Release|Any CPU.ActiveCfg = Release|Any CPU
		{9A12DE29-C4AD-42CE-AB4B-88EBC819E83A}.Release|Any CPU.Build.0 = Release|Any CPU
		{80459AAC-6834-4276-A000-ADB9EF874AC9}.Debug|Any CPU.ActiveCfg = Debug|Any CPU
		{80459AAC-6834-4276-A000-ADB9EF874AC9}.Debug|Any CPU.Build.0 = Debug|Any CPU
		{80459AAC-6834-4276-A000-ADB9EF874AC9}.Release|Any CPU.ActiveCfg = Release|Any CPU
		{80459AAC-6834-4276-A000-ADB9EF874AC9}.Release|Any CPU.Build.0 = Release|Any CPU
		{A288B86C-BC4E-4502-A88C-DF4A0DFBA7A7}.Debug|Any CPU.ActiveCfg = Debug|Any CPU
		{A288B86C-BC4E-4502-A88C-DF4A0DFBA7A7}.Debug|Any CPU.Build.0 = Debug|Any CPU
		{A288B86C-BC4E-4502-A88C-DF4A0DFBA7A7}.Release|Any CPU.ActiveCfg = Release|Any CPU
		{A288B86C-BC4E-4502-A88C-DF4A0DFBA7A7}.Release|Any CPU.Build.0 = Release|Any CPU
		{E9679662-FCA3-487B-9431-66620EE23328}.Debug|Any CPU.ActiveCfg = Debug|Any CPU
		{E9679662-FCA3-487B-9431-66620EE23328}.Debug|Any CPU.Build.0 = Debug|Any CPU
		{E9679662-FCA3-487B-9431-66620EE23328}.Release|Any CPU.ActiveCfg = Release|Any CPU
		{E9679662-FCA3-487B-9431-66620EE23328}.Release|Any CPU.Build.0 = Release|Any CPU
		{C8BDFAEE-7C9D-49EB-80BA-7667D4CB0766}.Debug|Any CPU.ActiveCfg = Debug|Any CPU
		{C8BDFAEE-7C9D-49EB-80BA-7667D4CB0766}.Debug|Any CPU.Build.0 = Debug|Any CPU
		{C8BDFAEE-7C9D-49EB-80BA-7667D4CB0766}.Release|Any CPU.ActiveCfg = Release|Any CPU
		{C8BDFAEE-7C9D-49EB-80BA-7667D4CB0766}.Release|Any CPU.Build.0 = Release|Any CPU
		{31DC41A0-A797-4334-AE71-8FA88C6DBB8D}.Debug|Any CPU.ActiveCfg = Debug|Any CPU
		{31DC41A0-A797-4334-AE71-8FA88C6DBB8D}.Debug|Any CPU.Build.0 = Debug|Any CPU
		{31DC41A0-A797-4334-AE71-8FA88C6DBB8D}.Release|Any CPU.ActiveCfg = Release|Any CPU
		{31DC41A0-A797-4334-AE71-8FA88C6DBB8D}.Release|Any CPU.Build.0 = Release|Any CPU
		{281409C8-104C-4167-B5E9-DA9032034803}.Debug|Any CPU.ActiveCfg = Debug|Any CPU
		{281409C8-104C-4167-B5E9-DA9032034803}.Debug|Any CPU.Build.0 = Debug|Any CPU
		{281409C8-104C-4167-B5E9-DA9032034803}.Release|Any CPU.ActiveCfg = Release|Any CPU
		{281409C8-104C-4167-B5E9-DA9032034803}.Release|Any CPU.Build.0 = Release|Any CPU
		{FA1A2A2F-C31D-4588-AFDD-EFCBE654E93D}.Debug|Any CPU.ActiveCfg = Debug|Any CPU
		{FA1A2A2F-C31D-4588-AFDD-EFCBE654E93D}.Debug|Any CPU.Build.0 = Debug|Any CPU
		{FA1A2A2F-C31D-4588-AFDD-EFCBE654E93D}.Release|Any CPU.ActiveCfg = Release|Any CPU
		{FA1A2A2F-C31D-4588-AFDD-EFCBE654E93D}.Release|Any CPU.Build.0 = Release|Any CPU
		{25580F3F-E2B3-4762-8E40-1D3378456F14}.Debug|Any CPU.ActiveCfg = Debug|Any CPU
		{25580F3F-E2B3-4762-8E40-1D3378456F14}.Debug|Any CPU.Build.0 = Debug|Any CPU
		{25580F3F-E2B3-4762-8E40-1D3378456F14}.Release|Any CPU.ActiveCfg = Release|Any CPU
		{25580F3F-E2B3-4762-8E40-1D3378456F14}.Release|Any CPU.Build.0 = Release|Any CPU
		{D030AF54-4C87-4B75-8BBF-67A3CBFCA8F6}.Debug|Any CPU.ActiveCfg = Debug|Any CPU
		{D030AF54-4C87-4B75-8BBF-67A3CBFCA8F6}.Debug|Any CPU.Build.0 = Debug|Any CPU
		{D030AF54-4C87-4B75-8BBF-67A3CBFCA8F6}.Release|Any CPU.ActiveCfg = Release|Any CPU
		{D030AF54-4C87-4B75-8BBF-67A3CBFCA8F6}.Release|Any CPU.Build.0 = Release|Any CPU
		{D65964B8-A80A-4ED6-A702-AC871529813F}.Debug|Any CPU.ActiveCfg = Debug|Any CPU
		{D65964B8-A80A-4ED6-A702-AC871529813F}.Debug|Any CPU.Build.0 = Debug|Any CPU
		{D65964B8-A80A-4ED6-A702-AC871529813F}.Release|Any CPU.ActiveCfg = Release|Any CPU
		{D65964B8-A80A-4ED6-A702-AC871529813F}.Release|Any CPU.Build.0 = Release|Any CPU
		{12360666-20BA-42C9-BC06-5F3766B11BB7}.Debug|Any CPU.ActiveCfg = Debug|Any CPU
		{12360666-20BA-42C9-BC06-5F3766B11BB7}.Debug|Any CPU.Build.0 = Debug|Any CPU
		{12360666-20BA-42C9-BC06-5F3766B11BB7}.Release|Any CPU.ActiveCfg = Release|Any CPU
		{12360666-20BA-42C9-BC06-5F3766B11BB7}.Release|Any CPU.Build.0 = Release|Any CPU
		{589DA018-3B3A-4E20-95C8-3A8F046B598D}.Debug|Any CPU.ActiveCfg = Debug|Any CPU
		{589DA018-3B3A-4E20-95C8-3A8F046B598D}.Debug|Any CPU.Build.0 = Debug|Any CPU
		{589DA018-3B3A-4E20-95C8-3A8F046B598D}.Release|Any CPU.ActiveCfg = Release|Any CPU
		{589DA018-3B3A-4E20-95C8-3A8F046B598D}.Release|Any CPU.Build.0 = Release|Any CPU
		{38B8B17B-720B-4C82-982D-B9935F372934}.Debug|Any CPU.ActiveCfg = Debug|Any CPU
		{38B8B17B-720B-4C82-982D-B9935F372934}.Debug|Any CPU.Build.0 = Debug|Any CPU
		{38B8B17B-720B-4C82-982D-B9935F372934}.Release|Any CPU.ActiveCfg = Release|Any CPU
		{38B8B17B-720B-4C82-982D-B9935F372934}.Release|Any CPU.Build.0 = Release|Any CPU
		{A4232BF0-D141-40DD-80BD-77F3948C5E7B}.Debug|Any CPU.ActiveCfg = Debug|Any CPU
		{A4232BF0-D141-40DD-80BD-77F3948C5E7B}.Debug|Any CPU.Build.0 = Debug|Any CPU
		{A4232BF0-D141-40DD-80BD-77F3948C5E7B}.Release|Any CPU.ActiveCfg = Release|Any CPU
		{A4232BF0-D141-40DD-80BD-77F3948C5E7B}.Release|Any CPU.Build.0 = Release|Any CPU
		{C52AC350-467D-4937-813F-6E382808424F}.Debug|Any CPU.ActiveCfg = Debug|Any CPU
		{C52AC350-467D-4937-813F-6E382808424F}.Debug|Any CPU.Build.0 = Debug|Any CPU
		{C52AC350-467D-4937-813F-6E382808424F}.Release|Any CPU.ActiveCfg = Release|Any CPU
		{C52AC350-467D-4937-813F-6E382808424F}.Release|Any CPU.Build.0 = Release|Any CPU
		{EB596D39-A488-4C33-9760-04C4AD3CD6D6}.Debug|Any CPU.ActiveCfg = Debug|Any CPU
		{EB596D39-A488-4C33-9760-04C4AD3CD6D6}.Debug|Any CPU.Build.0 = Debug|Any CPU
		{EB596D39-A488-4C33-9760-04C4AD3CD6D6}.Release|Any CPU.ActiveCfg = Release|Any CPU
		{EB596D39-A488-4C33-9760-04C4AD3CD6D6}.Release|Any CPU.Build.0 = Release|Any CPU
		{EF533670-2BB7-4B0F-B8D3-BDD4F85DD43C}.Debug|Any CPU.ActiveCfg = Debug|Any CPU
		{EF533670-2BB7-4B0F-B8D3-BDD4F85DD43C}.Debug|Any CPU.Build.0 = Debug|Any CPU
		{EF533670-2BB7-4B0F-B8D3-BDD4F85DD43C}.Release|Any CPU.ActiveCfg = Release|Any CPU
		{EF533670-2BB7-4B0F-B8D3-BDD4F85DD43C}.Release|Any CPU.Build.0 = Release|Any CPU
		{2FBE984D-BEB8-4C12-BC8A-193E5BD4A9E4}.Debug|Any CPU.ActiveCfg = Debug|Any CPU
		{2FBE984D-BEB8-4C12-BC8A-193E5BD4A9E4}.Debug|Any CPU.Build.0 = Debug|Any CPU
		{2FBE984D-BEB8-4C12-BC8A-193E5BD4A9E4}.Release|Any CPU.ActiveCfg = Release|Any CPU
		{2FBE984D-BEB8-4C12-BC8A-193E5BD4A9E4}.Release|Any CPU.Build.0 = Release|Any CPU
		{19F7A860-0B47-4D98-A429-26521BB990A9}.Debug|Any CPU.ActiveCfg = Debug|Any CPU
		{19F7A860-0B47-4D98-A429-26521BB990A9}.Debug|Any CPU.Build.0 = Debug|Any CPU
		{19F7A860-0B47-4D98-A429-26521BB990A9}.Release|Any CPU.ActiveCfg = Release|Any CPU
		{19F7A860-0B47-4D98-A429-26521BB990A9}.Release|Any CPU.Build.0 = Release|Any CPU
		{EE43F7DF-EF10-4293-86A5-CD2069CBCFAF}.Debug|Any CPU.ActiveCfg = Debug|Any CPU
		{EE43F7DF-EF10-4293-86A5-CD2069CBCFAF}.Debug|Any CPU.Build.0 = Debug|Any CPU
		{EE43F7DF-EF10-4293-86A5-CD2069CBCFAF}.Release|Any CPU.ActiveCfg = Release|Any CPU
		{EE43F7DF-EF10-4293-86A5-CD2069CBCFAF}.Release|Any CPU.Build.0 = Release|Any CPU
		{5F390910-D0E6-41C4-A675-F6966FDCCD16}.Debug|Any CPU.ActiveCfg = Debug|Any CPU
		{5F390910-D0E6-41C4-A675-F6966FDCCD16}.Debug|Any CPU.Build.0 = Debug|Any CPU
		{5F390910-D0E6-41C4-A675-F6966FDCCD16}.Release|Any CPU.ActiveCfg = Release|Any CPU
		{5F390910-D0E6-41C4-A675-F6966FDCCD16}.Release|Any CPU.Build.0 = Release|Any CPU
		{9FEC93E8-0769-4C30-AEC8-BAAB81B7FC83}.Debug|Any CPU.ActiveCfg = Debug|Any CPU
		{9FEC93E8-0769-4C30-AEC8-BAAB81B7FC83}.Debug|Any CPU.Build.0 = Debug|Any CPU
		{9FEC93E8-0769-4C30-AEC8-BAAB81B7FC83}.Release|Any CPU.ActiveCfg = Release|Any CPU
		{9FEC93E8-0769-4C30-AEC8-BAAB81B7FC83}.Release|Any CPU.Build.0 = Release|Any CPU
		{EA07A9D7-5652-48F4-84A5-496CBF3E1966}.Debug|Any CPU.ActiveCfg = Debug|Any CPU
		{EA07A9D7-5652-48F4-84A5-496CBF3E1966}.Debug|Any CPU.Build.0 = Debug|Any CPU
		{EA07A9D7-5652-48F4-84A5-496CBF3E1966}.Release|Any CPU.ActiveCfg = Release|Any CPU
		{EA07A9D7-5652-48F4-84A5-496CBF3E1966}.Release|Any CPU.Build.0 = Release|Any CPU
		{091B78FE-311A-46B4-A70C-DDAD0C7AC35D}.Debug|Any CPU.ActiveCfg = Debug|Any CPU
		{091B78FE-311A-46B4-A70C-DDAD0C7AC35D}.Debug|Any CPU.Build.0 = Debug|Any CPU
		{091B78FE-311A-46B4-A70C-DDAD0C7AC35D}.Release|Any CPU.ActiveCfg = Release|Any CPU
		{091B78FE-311A-46B4-A70C-DDAD0C7AC35D}.Release|Any CPU.Build.0 = Release|Any CPU
		{6123D049-DC7C-4AF1-8D69-B50A2E524528}.Debug|Any CPU.ActiveCfg = Debug|Any CPU
		{6123D049-DC7C-4AF1-8D69-B50A2E524528}.Debug|Any CPU.Build.0 = Debug|Any CPU
		{6123D049-DC7C-4AF1-8D69-B50A2E524528}.Release|Any CPU.ActiveCfg = Release|Any CPU
		{6123D049-DC7C-4AF1-8D69-B50A2E524528}.Release|Any CPU.Build.0 = Release|Any CPU
		{E30DE686-EC0A-4D26-BD11-0215237333A8}.Debug|Any CPU.ActiveCfg = Debug|Any CPU
		{E30DE686-EC0A-4D26-BD11-0215237333A8}.Debug|Any CPU.Build.0 = Debug|Any CPU
		{E30DE686-EC0A-4D26-BD11-0215237333A8}.Release|Any CPU.ActiveCfg = Release|Any CPU
		{E30DE686-EC0A-4D26-BD11-0215237333A8}.Release|Any CPU.Build.0 = Release|Any CPU
		{2209EE15-FE0C-4641-A0B4-F16E3A5FD742}.Debug|Any CPU.ActiveCfg = Debug|Any CPU
		{2209EE15-FE0C-4641-A0B4-F16E3A5FD742}.Debug|Any CPU.Build.0 = Debug|Any CPU
		{2209EE15-FE0C-4641-A0B4-F16E3A5FD742}.Release|Any CPU.ActiveCfg = Release|Any CPU
		{2209EE15-FE0C-4641-A0B4-F16E3A5FD742}.Release|Any CPU.Build.0 = Release|Any CPU
		{A72EE1C3-0A75-4202-A2AF-16154A72566B}.Debug|Any CPU.ActiveCfg = Debug|Any CPU
		{A72EE1C3-0A75-4202-A2AF-16154A72566B}.Debug|Any CPU.Build.0 = Debug|Any CPU
		{A72EE1C3-0A75-4202-A2AF-16154A72566B}.Release|Any CPU.ActiveCfg = Release|Any CPU
		{A72EE1C3-0A75-4202-A2AF-16154A72566B}.Release|Any CPU.Build.0 = Release|Any CPU
		{56A892A9-B798-4A71-AD01-35F505F60F1D}.Debug|Any CPU.ActiveCfg = Debug|Any CPU
		{56A892A9-B798-4A71-AD01-35F505F60F1D}.Debug|Any CPU.Build.0 = Debug|Any CPU
		{56A892A9-B798-4A71-AD01-35F505F60F1D}.Release|Any CPU.ActiveCfg = Release|Any CPU
		{56A892A9-B798-4A71-AD01-35F505F60F1D}.Release|Any CPU.Build.0 = Release|Any CPU
		{43A9CA1B-AC5B-4BEE-94ED-62A71DB828D4}.Debug|Any CPU.ActiveCfg = Debug|Any CPU
		{43A9CA1B-AC5B-4BEE-94ED-62A71DB828D4}.Debug|Any CPU.Build.0 = Debug|Any CPU
		{43A9CA1B-AC5B-4BEE-94ED-62A71DB828D4}.Release|Any CPU.ActiveCfg = Release|Any CPU
		{43A9CA1B-AC5B-4BEE-94ED-62A71DB828D4}.Release|Any CPU.Build.0 = Release|Any CPU
		{64D1E446-5306-4280-A0B5-08B8AE59DCC8}.Debug|Any CPU.ActiveCfg = Debug|Any CPU
		{64D1E446-5306-4280-A0B5-08B8AE59DCC8}.Debug|Any CPU.Build.0 = Debug|Any CPU
		{64D1E446-5306-4280-A0B5-08B8AE59DCC8}.Release|Any CPU.ActiveCfg = Release|Any CPU
		{64D1E446-5306-4280-A0B5-08B8AE59DCC8}.Release|Any CPU.Build.0 = Release|Any CPU
		{694CD750-5601-4C5F-A881-3B330E4CAF43}.Debug|Any CPU.ActiveCfg = Debug|Any CPU
		{694CD750-5601-4C5F-A881-3B330E4CAF43}.Debug|Any CPU.Build.0 = Debug|Any CPU
		{694CD750-5601-4C5F-A881-3B330E4CAF43}.Release|Any CPU.ActiveCfg = Release|Any CPU
		{694CD750-5601-4C5F-A881-3B330E4CAF43}.Release|Any CPU.Build.0 = Release|Any CPU
		{1CB6A5A6-CF98-46AF-84E7-0CA1D6D55483}.Debug|Any CPU.ActiveCfg = Debug|Any CPU
		{1CB6A5A6-CF98-46AF-84E7-0CA1D6D55483}.Debug|Any CPU.Build.0 = Debug|Any CPU
		{1CB6A5A6-CF98-46AF-84E7-0CA1D6D55483}.Release|Any CPU.ActiveCfg = Release|Any CPU
		{1CB6A5A6-CF98-46AF-84E7-0CA1D6D55483}.Release|Any CPU.Build.0 = Release|Any CPU
		{F9FBF2F0-D1D9-4EF6-9E06-26545B9FFEC8}.Debug|Any CPU.ActiveCfg = Debug|Any CPU
		{F9FBF2F0-D1D9-4EF6-9E06-26545B9FFEC8}.Debug|Any CPU.Build.0 = Debug|Any CPU
		{F9FBF2F0-D1D9-4EF6-9E06-26545B9FFEC8}.Release|Any CPU.ActiveCfg = Release|Any CPU
		{F9FBF2F0-D1D9-4EF6-9E06-26545B9FFEC8}.Release|Any CPU.Build.0 = Release|Any CPU
		{46E95530-6777-4DDE-9F0C-716B5D4BFF5B}.Debug|Any CPU.ActiveCfg = Debug|Any CPU
		{46E95530-6777-4DDE-9F0C-716B5D4BFF5B}.Debug|Any CPU.Build.0 = Debug|Any CPU
		{46E95530-6777-4DDE-9F0C-716B5D4BFF5B}.Release|Any CPU.ActiveCfg = Release|Any CPU
		{46E95530-6777-4DDE-9F0C-716B5D4BFF5B}.Release|Any CPU.Build.0 = Release|Any CPU
		{B9BAFADD-8808-4693-9D3C-B6674CAE4069}.Debug|Any CPU.ActiveCfg = Debug|Any CPU
		{B9BAFADD-8808-4693-9D3C-B6674CAE4069}.Debug|Any CPU.Build.0 = Debug|Any CPU
		{B9BAFADD-8808-4693-9D3C-B6674CAE4069}.Release|Any CPU.ActiveCfg = Release|Any CPU
		{B9BAFADD-8808-4693-9D3C-B6674CAE4069}.Release|Any CPU.Build.0 = Release|Any CPU
		{49AF443A-0213-40AE-9B4E-FE42454D7D8F}.Debug|Any CPU.ActiveCfg = Debug|Any CPU
		{49AF443A-0213-40AE-9B4E-FE42454D7D8F}.Debug|Any CPU.Build.0 = Debug|Any CPU
		{49AF443A-0213-40AE-9B4E-FE42454D7D8F}.Release|Any CPU.ActiveCfg = Release|Any CPU
		{49AF443A-0213-40AE-9B4E-FE42454D7D8F}.Release|Any CPU.Build.0 = Release|Any CPU
		{11E59156-985B-4812-9039-2136F0506676}.Debug|Any CPU.ActiveCfg = Debug|Any CPU
		{11E59156-985B-4812-9039-2136F0506676}.Debug|Any CPU.Build.0 = Debug|Any CPU
		{11E59156-985B-4812-9039-2136F0506676}.Release|Any CPU.ActiveCfg = Release|Any CPU
		{11E59156-985B-4812-9039-2136F0506676}.Release|Any CPU.Build.0 = Release|Any CPU
		{9B1C640E-F741-4635-961A-8AC14EF2C522}.Debug|Any CPU.ActiveCfg = Debug|Any CPU
		{9B1C640E-F741-4635-961A-8AC14EF2C522}.Debug|Any CPU.Build.0 = Debug|Any CPU
		{9B1C640E-F741-4635-961A-8AC14EF2C522}.Release|Any CPU.ActiveCfg = Release|Any CPU
		{9B1C640E-F741-4635-961A-8AC14EF2C522}.Release|Any CPU.Build.0 = Release|Any CPU
		{C0995E8E-9811-4909-8D33-CECEC75E7646}.Debug|Any CPU.ActiveCfg = Debug|Any CPU
		{C0995E8E-9811-4909-8D33-CECEC75E7646}.Debug|Any CPU.Build.0 = Debug|Any CPU
		{C0995E8E-9811-4909-8D33-CECEC75E7646}.Release|Any CPU.ActiveCfg = Release|Any CPU
		{C0995E8E-9811-4909-8D33-CECEC75E7646}.Release|Any CPU.Build.0 = Release|Any CPU
		{0E2F8AD1-A92D-454B-B156-931CB9877EE9}.Debug|Any CPU.ActiveCfg = Debug|Any CPU
		{0E2F8AD1-A92D-454B-B156-931CB9877EE9}.Debug|Any CPU.Build.0 = Debug|Any CPU
		{0E2F8AD1-A92D-454B-B156-931CB9877EE9}.Release|Any CPU.ActiveCfg = Release|Any CPU
		{0E2F8AD1-A92D-454B-B156-931CB9877EE9}.Release|Any CPU.Build.0 = Release|Any CPU
		{0B61160C-65D8-4AC9-B301-60A9EA80C4F4}.Debug|Any CPU.ActiveCfg = Debug|Any CPU
		{0B61160C-65D8-4AC9-B301-60A9EA80C4F4}.Debug|Any CPU.Build.0 = Debug|Any CPU
		{0B61160C-65D8-4AC9-B301-60A9EA80C4F4}.Release|Any CPU.ActiveCfg = Release|Any CPU
		{0B61160C-65D8-4AC9-B301-60A9EA80C4F4}.Release|Any CPU.Build.0 = Release|Any CPU
		{0D5DDAD8-12C3-4150-9BEB-36F5FD475778}.Debug|Any CPU.ActiveCfg = Debug|Any CPU
		{0D5DDAD8-12C3-4150-9BEB-36F5FD475778}.Debug|Any CPU.Build.0 = Debug|Any CPU
		{0D5DDAD8-12C3-4150-9BEB-36F5FD475778}.Release|Any CPU.ActiveCfg = Release|Any CPU
		{0D5DDAD8-12C3-4150-9BEB-36F5FD475778}.Release|Any CPU.Build.0 = Release|Any CPU
		{F60BA1C5-E1D6-4A6D-AD37-76B8E9F7D94C}.Debug|Any CPU.ActiveCfg = Debug|Any CPU
		{F60BA1C5-E1D6-4A6D-AD37-76B8E9F7D94C}.Debug|Any CPU.Build.0 = Debug|Any CPU
		{F60BA1C5-E1D6-4A6D-AD37-76B8E9F7D94C}.Release|Any CPU.ActiveCfg = Release|Any CPU
		{F60BA1C5-E1D6-4A6D-AD37-76B8E9F7D94C}.Release|Any CPU.Build.0 = Release|Any CPU
		{57ABE9E2-9A27-4AF0-9938-04A3B8C000F1}.Debug|Any CPU.ActiveCfg = Debug|Any CPU
		{57ABE9E2-9A27-4AF0-9938-04A3B8C000F1}.Debug|Any CPU.Build.0 = Debug|Any CPU
		{57ABE9E2-9A27-4AF0-9938-04A3B8C000F1}.Release|Any CPU.ActiveCfg = Release|Any CPU
		{57ABE9E2-9A27-4AF0-9938-04A3B8C000F1}.Release|Any CPU.Build.0 = Release|Any CPU
		{E663FE61-8032-4D15-9231-8D7F4C579542}.Debug|Any CPU.ActiveCfg = Debug|Any CPU
		{E663FE61-8032-4D15-9231-8D7F4C579542}.Debug|Any CPU.Build.0 = Debug|Any CPU
		{E663FE61-8032-4D15-9231-8D7F4C579542}.Release|Any CPU.ActiveCfg = Release|Any CPU
		{E663FE61-8032-4D15-9231-8D7F4C579542}.Release|Any CPU.Build.0 = Release|Any CPU
		{34F33C33-F362-4400-9CBD-828B902A9093}.Debug|Any CPU.ActiveCfg = Debug|Any CPU
		{34F33C33-F362-4400-9CBD-828B902A9093}.Debug|Any CPU.Build.0 = Debug|Any CPU
		{34F33C33-F362-4400-9CBD-828B902A9093}.Release|Any CPU.ActiveCfg = Release|Any CPU
		{34F33C33-F362-4400-9CBD-828B902A9093}.Release|Any CPU.Build.0 = Release|Any CPU
		{FF71DC5D-F34F-4EA5-A6B9-37CCCFB80B64}.Debug|Any CPU.ActiveCfg = Debug|Any CPU
		{FF71DC5D-F34F-4EA5-A6B9-37CCCFB80B64}.Debug|Any CPU.Build.0 = Debug|Any CPU
		{FF71DC5D-F34F-4EA5-A6B9-37CCCFB80B64}.Release|Any CPU.ActiveCfg = Release|Any CPU
		{FF71DC5D-F34F-4EA5-A6B9-37CCCFB80B64}.Release|Any CPU.Build.0 = Release|Any CPU
		{9448BA7C-D04A-4DAD-91E6-3E8A77AD504F}.Debug|Any CPU.ActiveCfg = Debug|Any CPU
		{9448BA7C-D04A-4DAD-91E6-3E8A77AD504F}.Debug|Any CPU.Build.0 = Debug|Any CPU
		{9448BA7C-D04A-4DAD-91E6-3E8A77AD504F}.Release|Any CPU.ActiveCfg = Release|Any CPU
		{9448BA7C-D04A-4DAD-91E6-3E8A77AD504F}.Release|Any CPU.Build.0 = Release|Any CPU
		{4D109BB1-F427-4C4E-8093-586D5AA31455}.Debug|Any CPU.ActiveCfg = Debug|Any CPU
		{4D109BB1-F427-4C4E-8093-586D5AA31455}.Debug|Any CPU.Build.0 = Debug|Any CPU
		{4D109BB1-F427-4C4E-8093-586D5AA31455}.Release|Any CPU.ActiveCfg = Release|Any CPU
		{4D109BB1-F427-4C4E-8093-586D5AA31455}.Release|Any CPU.Build.0 = Release|Any CPU
		{0B385A10-D191-4514-84E0-4099F2240903}.Debug|Any CPU.ActiveCfg = Debug|Any CPU
		{0B385A10-D191-4514-84E0-4099F2240903}.Debug|Any CPU.Build.0 = Debug|Any CPU
		{0B385A10-D191-4514-84E0-4099F2240903}.Release|Any CPU.ActiveCfg = Release|Any CPU
		{0B385A10-D191-4514-84E0-4099F2240903}.Release|Any CPU.Build.0 = Release|Any CPU
		{0352DD33-CD38-4A3C-B976-744E04DFB8C8}.Debug|Any CPU.ActiveCfg = Debug|Any CPU
		{0352DD33-CD38-4A3C-B976-744E04DFB8C8}.Debug|Any CPU.Build.0 = Debug|Any CPU
		{0352DD33-CD38-4A3C-B976-744E04DFB8C8}.Release|Any CPU.ActiveCfg = Release|Any CPU
		{0352DD33-CD38-4A3C-B976-744E04DFB8C8}.Release|Any CPU.Build.0 = Release|Any CPU
		{3F66C2AA-116B-4506-B130-09FD63162438}.Debug|Any CPU.ActiveCfg = Debug|Any CPU
		{3F66C2AA-116B-4506-B130-09FD63162438}.Debug|Any CPU.Build.0 = Debug|Any CPU
		{3F66C2AA-116B-4506-B130-09FD63162438}.Release|Any CPU.ActiveCfg = Release|Any CPU
		{3F66C2AA-116B-4506-B130-09FD63162438}.Release|Any CPU.Build.0 = Release|Any CPU
		{07FC2915-237B-4ABE-8587-2C9A1CED0FFD}.Debug|Any CPU.ActiveCfg = Debug|Any CPU
		{07FC2915-237B-4ABE-8587-2C9A1CED0FFD}.Debug|Any CPU.Build.0 = Debug|Any CPU
		{07FC2915-237B-4ABE-8587-2C9A1CED0FFD}.Release|Any CPU.ActiveCfg = Release|Any CPU
		{07FC2915-237B-4ABE-8587-2C9A1CED0FFD}.Release|Any CPU.Build.0 = Release|Any CPU
		{1BD94806-6EEF-4253-9614-5A741474918F}.Debug|Any CPU.ActiveCfg = Debug|Any CPU
		{1BD94806-6EEF-4253-9614-5A741474918F}.Debug|Any CPU.Build.0 = Debug|Any CPU
		{1BD94806-6EEF-4253-9614-5A741474918F}.Release|Any CPU.ActiveCfg = Release|Any CPU
		{1BD94806-6EEF-4253-9614-5A741474918F}.Release|Any CPU.Build.0 = Release|Any CPU
		{4C9DFD9B-D4EF-4565-9612-CF5096B3CA74}.Debug|Any CPU.ActiveCfg = Debug|Any CPU
		{4C9DFD9B-D4EF-4565-9612-CF5096B3CA74}.Debug|Any CPU.Build.0 = Debug|Any CPU
		{4C9DFD9B-D4EF-4565-9612-CF5096B3CA74}.Release|Any CPU.ActiveCfg = Release|Any CPU
		{4C9DFD9B-D4EF-4565-9612-CF5096B3CA74}.Release|Any CPU.Build.0 = Release|Any CPU
		{BAFB9004-AF5E-49F7-A4F0-A184713EBC91}.Debug|Any CPU.ActiveCfg = Debug|Any CPU
		{BAFB9004-AF5E-49F7-A4F0-A184713EBC91}.Debug|Any CPU.Build.0 = Debug|Any CPU
		{BAFB9004-AF5E-49F7-A4F0-A184713EBC91}.Release|Any CPU.ActiveCfg = Release|Any CPU
		{BAFB9004-AF5E-49F7-A4F0-A184713EBC91}.Release|Any CPU.Build.0 = Release|Any CPU
		{2A6BBE03-309C-4F70-8EC5-3EF70990A232}.Debug|Any CPU.ActiveCfg = Debug|Any CPU
		{2A6BBE03-309C-4F70-8EC5-3EF70990A232}.Debug|Any CPU.Build.0 = Debug|Any CPU
		{2A6BBE03-309C-4F70-8EC5-3EF70990A232}.Release|Any CPU.ActiveCfg = Release|Any CPU
		{2A6BBE03-309C-4F70-8EC5-3EF70990A232}.Release|Any CPU.Build.0 = Release|Any CPU
	EndGlobalSection
	GlobalSection(SolutionProperties) = preSolution
		HideSolutionNode = FALSE
	EndGlobalSection
	GlobalSection(NestedProjects) = preSolution
		{C0F5ECDE-B7AD-42B3-ACF8-D5486B0E4C44} = {6C1F336D-3B00-40B5-967F-F413B52CAC56}
		{1967AA9E-7FB5-4B63-AD7B-8394D65B6E8F} = {27B26787-8FA8-4606-BF98-2278A6736553}
		{2DD453BC-D187-4023-9222-48DDF02BA689} = {6C1F336D-3B00-40B5-967F-F413B52CAC56}
		{7DEB54D9-B9F1-4B05-8D81-D7B4F77631D1} = {FD407DD8-26D8-458B-A80F-234CD291E8DD}
		{65535B13-4850-4EC8-893D-58F3BC49C457} = {9A397340-330A-45D7-B262-9C1CC03ABE50}
		{75DFACF6-E820-4E3F-83D5-1E21FBC92385} = {27B26787-8FA8-4606-BF98-2278A6736553}
		{99A5662C-2D88-40D4-A8CC-FDFA65964AFF} = {6C1F336D-3B00-40B5-967F-F413B52CAC56}
		{5F25ACCA-8DA7-4F88-B326-8FC931E23E85} = {6C1F336D-3B00-40B5-967F-F413B52CAC56}
		{E5630A9F-E4FA-477E-9821-8565812E2C6F} = {27B26787-8FA8-4606-BF98-2278A6736553}
		{7C81EA22-4F72-4411-82A8-8CEA9FF41AB3} = {27B26787-8FA8-4606-BF98-2278A6736553}
		{15F9B789-4478-4B0A-9A2A-C2B78F21CF47} = {DE0F0672-425B-46C5-8457-E077D4615D0A}
		{7CD54F15-DF6A-4829-8AFD-E714ECF9F505} = {27B26787-8FA8-4606-BF98-2278A6736553}
		{B0E053BC-1B89-4C83-B819-5EC032B2566F} = {27B26787-8FA8-4606-BF98-2278A6736553}
		{2B7099E9-BA1C-4DB0-A4FB-96C121031060} = {27B26787-8FA8-4606-BF98-2278A6736553}
		{CFE7C7F0-3A06-42EC-905B-4B9DB2358BC1} = {6C42BBB3-9D9F-4CDD-927A-B41641B77BB7}
		{55CB7D92-F9F3-43B8-8A82-D886FC194106} = {B585153B-CF8E-4705-9897-B5AD6C55B3BA}
		{D28BD657-8261-4430-B7BC-3BBA377FCD87} = {B585153B-CF8E-4705-9897-B5AD6C55B3BA}
		{9F1EABB2-F717-46A7-A46C-CE773D25A1AE} = {27B26787-8FA8-4606-BF98-2278A6736553}
		{38B143CC-9481-468A-88AF-48DEDBC36C96} = {9A397340-330A-45D7-B262-9C1CC03ABE50}
		{7EDD29C2-D0C7-4990-BDEE-117EBC9DEB72} = {27B26787-8FA8-4606-BF98-2278A6736553}
		{4944754E-8566-44D6-933F-38F8DDC98F55} = {74277CD5-E06B-427B-AE69-4246D225F79D}
		{9BAE02F8-17B1-4DBD-BAB5-9387981AD393} = {27B26787-8FA8-4606-BF98-2278A6736553}
		{A288B86C-BC4E-4502-A88C-DF4A0DFBA7A7} = {DE0F0672-425B-46C5-8457-E077D4615D0A}
		{E9679662-FCA3-487B-9431-66620EE23328} = {DE0F0672-425B-46C5-8457-E077D4615D0A}
		{C8BDFAEE-7C9D-49EB-80BA-7667D4CB0766} = {7E49A6B0-7F1F-4F49-819F-7FDE20BDC166}
		{31DC41A0-A797-4334-AE71-8FA88C6DBB8D} = {FD407DD8-26D8-458B-A80F-234CD291E8DD}
		{281409C8-104C-4167-B5E9-DA9032034803} = {6C1F336D-3B00-40B5-967F-F413B52CAC56}
		{FA1A2A2F-C31D-4588-AFDD-EFCBE654E93D} = {6C1F336D-3B00-40B5-967F-F413B52CAC56}
		{25580F3F-E2B3-4762-8E40-1D3378456F14} = {27B26787-8FA8-4606-BF98-2278A6736553}
		{D030AF54-4C87-4B75-8BBF-67A3CBFCA8F6} = {27B26787-8FA8-4606-BF98-2278A6736553}
		{D65964B8-A80A-4ED6-A702-AC871529813F} = {74277CD5-E06B-427B-AE69-4246D225F79D}
		{12360666-20BA-42C9-BC06-5F3766B11BB7} = {6C1F336D-3B00-40B5-967F-F413B52CAC56}
		{589DA018-3B3A-4E20-95C8-3A8F046B598D} = {6C1F336D-3B00-40B5-967F-F413B52CAC56}
		{38B8B17B-720B-4C82-982D-B9935F372934} = {D614D086-8DDB-4B5C-8508-FD0A7411CF88}
		{A4232BF0-D141-40DD-80BD-77F3948C5E7B} = {D614D086-8DDB-4B5C-8508-FD0A7411CF88}
		{C52AC350-467D-4937-813F-6E382808424F} = {D614D086-8DDB-4B5C-8508-FD0A7411CF88}
		{EB596D39-A488-4C33-9760-04C4AD3CD6D6} = {6C1F336D-3B00-40B5-967F-F413B52CAC56}
		{EF533670-2BB7-4B0F-B8D3-BDD4F85DD43C} = {253BC509-7FA3-40EC-B528-732F961C55F9}
		{2FBE984D-BEB8-4C12-BC8A-193E5BD4A9E4} = {253BC509-7FA3-40EC-B528-732F961C55F9}
		{5F390910-D0E6-41C4-A675-F6966FDCCD16} = {74277CD5-E06B-427B-AE69-4246D225F79D}
		{9FEC93E8-0769-4C30-AEC8-BAAB81B7FC83} = {6C1F336D-3B00-40B5-967F-F413B52CAC56}
		{6123D049-DC7C-4AF1-8D69-B50A2E524528} = {6C1F336D-3B00-40B5-967F-F413B52CAC56}
		{E30DE686-EC0A-4D26-BD11-0215237333A8} = {6C1F336D-3B00-40B5-967F-F413B52CAC56}
		{2209EE15-FE0C-4641-A0B4-F16E3A5FD742} = {6C42BBB3-9D9F-4CDD-927A-B41641B77BB7}
		{A72EE1C3-0A75-4202-A2AF-16154A72566B} = {6C42BBB3-9D9F-4CDD-927A-B41641B77BB7}
		{43A9CA1B-AC5B-4BEE-94ED-62A71DB828D4} = {7E49A6B0-7F1F-4F49-819F-7FDE20BDC166}
		{64D1E446-5306-4280-A0B5-08B8AE59DCC8} = {7E49A6B0-7F1F-4F49-819F-7FDE20BDC166}
		{694CD750-5601-4C5F-A881-3B330E4CAF43} = {27B26787-8FA8-4606-BF98-2278A6736553}
		{1CB6A5A6-CF98-46AF-84E7-0CA1D6D55483} = {27B26787-8FA8-4606-BF98-2278A6736553}
		{F9FBF2F0-D1D9-4EF6-9E06-26545B9FFEC8} = {27B26787-8FA8-4606-BF98-2278A6736553}
		{46E95530-6777-4DDE-9F0C-716B5D4BFF5B} = {27B26787-8FA8-4606-BF98-2278A6736553}
		{49AF443A-0213-40AE-9B4E-FE42454D7D8F} = {D614D086-8DDB-4B5C-8508-FD0A7411CF88}
		{11E59156-985B-4812-9039-2136F0506676} = {D614D086-8DDB-4B5C-8508-FD0A7411CF88}
		{9B1C640E-F741-4635-961A-8AC14EF2C522} = {74277CD5-E06B-427B-AE69-4246D225F79D}
		{C0995E8E-9811-4909-8D33-CECEC75E7646} = {74277CD5-E06B-427B-AE69-4246D225F79D}
		{0E2F8AD1-A92D-454B-B156-931CB9877EE9} = {74277CD5-E06B-427B-AE69-4246D225F79D}
		{0B61160C-65D8-4AC9-B301-60A9EA80C4F4} = {D614D086-8DDB-4B5C-8508-FD0A7411CF88}
		{0D5DDAD8-12C3-4150-9BEB-36F5FD475778} = {D614D086-8DDB-4B5C-8508-FD0A7411CF88}
		{F60BA1C5-E1D6-4A6D-AD37-76B8E9F7D94C} = {D614D086-8DDB-4B5C-8508-FD0A7411CF88}
		{57ABE9E2-9A27-4AF0-9938-04A3B8C000F1} = {D614D086-8DDB-4B5C-8508-FD0A7411CF88}
		{E663FE61-8032-4D15-9231-8D7F4C579542} = {6C42BBB3-9D9F-4CDD-927A-B41641B77BB7}
		{FF71DC5D-F34F-4EA5-A6B9-37CCCFB80B64} = {6C1F336D-3B00-40B5-967F-F413B52CAC56}
		{B585153B-CF8E-4705-9897-B5AD6C55B3BA} = {6C42BBB3-9D9F-4CDD-927A-B41641B77BB7}
		{4D109BB1-F427-4C4E-8093-586D5AA31455} = {253BC509-7FA3-40EC-B528-732F961C55F9}
		{0B385A10-D191-4514-84E0-4099F2240903} = {13E1C4F9-F781-417C-BF9D-6C982F73749A}
		{0352DD33-CD38-4A3C-B976-744E04DFB8C8} = {6C42BBB3-9D9F-4CDD-927A-B41641B77BB7}
		{3F66C2AA-116B-4506-B130-09FD63162438} = {FD407DD8-26D8-458B-A80F-234CD291E8DD}
		{07FC2915-237B-4ABE-8587-2C9A1CED0FFD} = {FD407DD8-26D8-458B-A80F-234CD291E8DD}
		{1BD94806-6EEF-4253-9614-5A741474918F} = {6C1F336D-3B00-40B5-967F-F413B52CAC56}
		{4C9DFD9B-D4EF-4565-9612-CF5096B3CA74} = {13E1C4F9-F781-417C-BF9D-6C982F73749A}
		{BAFB9004-AF5E-49F7-A4F0-A184713EBC91} = {13E1C4F9-F781-417C-BF9D-6C982F73749A}
	EndGlobalSection
	GlobalSection(ExtensibilityGlobals) = postSolution
		SolutionGuid = {94CEDAC4-5E2B-4E25-938D-AA666821B1F0}
	EndGlobalSection
EndGlobal
