
Microsoft Visual Studio Solution File, Format Version 12.00
# Visual Studio Version 16
VisualStudioVersion = 16.0.31402.337
MinimumVisualStudioVersion = 10.0.40219.1
Project("{FAE04EC0-301F-11D3-BF4B-00C04F79EFBC}") = "Hardware", "Hardware\Hardware.csproj", "{C0F5ECDE-B7AD-42B3-ACF8-D5486B0E4C44}"
EndProject
Project("{FAE04EC0-301F-11D3-BF4B-00C04F79EFBC}") = "Core.DataStructures", "Core.DataStructures\Core.DataStructures.csproj", "{1967AA9E-7FB5-4B63-AD7B-8394D65B6E8F}"
EndProject
Project("{FAE04EC0-301F-11D3-BF4B-00C04F79EFBC}") = "Hardware.Serial", "Hardware.Serial\Hardware.Serial.csproj", "{2DD453BC-D187-4023-9222-48DDF02BA689}"
EndProject
Project("{FAE04EC0-301F-11D3-BF4B-00C04F79EFBC}") = "Diagnostic", "Diagnostic\Diagnostic.csproj", "{7DEB54D9-B9F1-4B05-8D81-D7B4F77631D1}"
EndProject
Project("{FAE04EC0-301F-11D3-BF4B-00C04F79EFBC}") = "IO", "IO\IO.csproj", "{65535B13-4850-4EC8-893D-58F3BC49C457}"
EndProject
Project("{FAE04EC0-301F-11D3-BF4B-00C04F79EFBC}") = "Core", "Core\Core.csproj", "{75DFACF6-E820-4E3F-83D5-1E21FBC92385}"
EndProject
Project("{FAE04EC0-301F-11D3-BF4B-00C04F79EFBC}") = "Hardware.Tests", "Hadware.Tests\Hardware.Tests.csproj", "{99A5662C-2D88-40D4-A8CC-FDFA65964AFF}"
EndProject
Project("{FAE04EC0-301F-11D3-BF4B-00C04F79EFBC}") = "Hardware.Resources.Tests", "Hardware.Resources.Tests\Hardware.Resources.Tests.csproj", "{5F25ACCA-8DA7-4F88-B326-8FC931E23E85}"
EndProject
Project("{FAE04EC0-301F-11D3-BF4B-00C04F79EFBC}") = "Core.Threading", "Core.Threading\Core.Threading.csproj", "{E5630A9F-E4FA-477E-9821-8565812E2C6F}"
EndProject
Project("{FAE04EC0-301F-11D3-BF4B-00C04F79EFBC}") = "Core.DataStructures.Tests", "Core.DataStructures.Tests\Core.DataStructures.Tests.csproj", "{7C81EA22-4F72-4411-82A8-8CEA9FF41AB3}"
EndProject
Project("{FAE04EC0-301F-11D3-BF4B-00C04F79EFBC}") = "Devices", "Devices\Devices.csproj", "{15F9B789-4478-4B0A-9A2A-C2B78F21CF47}"
EndProject
Project("{FAE04EC0-301F-11D3-BF4B-00C04F79EFBC}") = "Core.Converters", "Core.Converters\Core.Converters.csproj", "{7CD54F15-DF6A-4829-8AFD-E714ECF9F505}"
EndProject
Project("{FAE04EC0-301F-11D3-BF4B-00C04F79EFBC}") = "Core.Parameters", "Core.Parameters\Core.Parameters.csproj", "{B0E053BC-1B89-4C83-B819-5EC032B2566F}"
EndProject
Project("{FAE04EC0-301F-11D3-BF4B-00C04F79EFBC}") = "Core.Converters.Tests", "Core.Converters.Tests\Core.Converters.Tests.csproj", "{2B7099E9-BA1C-4DB0-A4FB-96C121031060}"
EndProject
Project("{FAE04EC0-301F-11D3-BF4B-00C04F79EFBC}") = "Mathematics", "Mathematics\Mathematics.csproj", "{CFE7C7F0-3A06-42EC-905B-4B9DB2358BC1}"
EndProject
Project("{FAE04EC0-301F-11D3-BF4B-00C04F79EFBC}") = "Signal.Processing", "Signal.Processing\Signal.Processing.csproj", "{55CB7D92-F9F3-43B8-8A82-D886FC194106}"
EndProject
Project("{FAE04EC0-301F-11D3-BF4B-00C04F79EFBC}") = "Signal.Processing.Tests", "Signal.Processing.Tests\Signal.Processing.Tests.csproj", "{D28BD657-8261-4430-B7BC-3BBA377FCD87}"
EndProject
Project("{FAE04EC0-301F-11D3-BF4B-00C04F79EFBC}") = "Core.Scheduling", "Core.Scheduling\Core.Scheduling.csproj", "{9F1EABB2-F717-46A7-A46C-CE773D25A1AE}"
EndProject
Project("{FAE04EC0-301F-11D3-BF4B-00C04F79EFBC}") = "Core.Scheduling.Tests", "Core.Scheduling.Tests\Core.Scheduling.Tests.csproj", "{37CEFA61-BFAF-4F15-944C-A302B9339DDA}"
EndProject
Project("{FAE04EC0-301F-11D3-BF4B-00C04F79EFBC}") = "IO.File", "IO.File\IO.File.csproj", "{38B143CC-9481-468A-88AF-48DEDBC36C96}"
EndProject
Project("{FAE04EC0-301F-11D3-BF4B-00C04F79EFBC}") = "Core.Scheduling.Wrapper", "Core.Scheduling.Wrapper\Core.Scheduling.Wrapper.csproj", "{7EDD29C2-D0C7-4990-BDEE-117EBC9DEB72}"
EndProject
Project("{FAE04EC0-301F-11D3-BF4B-00C04F79EFBC}") = "UserInterface.Controls", "UserInterface.Components\UserInterface.Controls.csproj", "{4944754E-8566-44D6-933F-38F8DDC98F55}"
EndProject
Project("{FAE04EC0-301F-11D3-BF4B-00C04F79EFBC}") = "Core.Threading.Tests", "Core.Threading.Tests\Core.Threading.Tests.csproj", "{9BAE02F8-17B1-4DBD-BAB5-9387981AD393}"
EndProject
Project("{FAE04EC0-301F-11D3-BF4B-00C04F79EFBC}") = "Extensions", "Extensions\Extensions.csproj", "{9A12DE29-C4AD-42CE-AB4B-88EBC819E83A}"
EndProject
Project("{FAE04EC0-301F-11D3-BF4B-00C04F79EFBC}") = "Extensions.Tests", "Extensions.Tests\Extensions.Tests.csproj", "{80459AAC-6834-4276-A000-ADB9EF874AC9}"
EndProject
Project("{FAE04EC0-301F-11D3-BF4B-00C04F79EFBC}") = "Devices.Tests", "Devices.Tests\Devices.Tests.csproj", "{A288B86C-BC4E-4502-A88C-DF4A0DFBA7A7}"
EndProject
Project("{FAE04EC0-301F-11D3-BF4B-00C04F79EFBC}") = "Devices.Template", "Devices.Template\Devices.Template.csproj", "{E9679662-FCA3-487B-9431-66620EE23328}"
EndProject
Project("{FAE04EC0-301F-11D3-BF4B-00C04F79EFBC}") = "Benches", "Benches\Benches.csproj", "{9BAFBCF6-C1C9-4BCB-8645-CBC055682DD0}"
EndProject
Project("{FAE04EC0-301F-11D3-BF4B-00C04F79EFBC}") = "Instructions", "Instructions\Instructions.csproj", "{C8BDFAEE-7C9D-49EB-80BA-7667D4CB0766}"
EndProject
Project("{FAE04EC0-301F-11D3-BF4B-00C04F79EFBC}") = "Benches.Template", "Benches.Template\Benches.Template.csproj", "{FA2FC7F9-5DDB-4336-B442-330640710794}"
EndProject
Project("{FAE04EC0-301F-11D3-BF4B-00C04F79EFBC}") = "Diagnostic.Tests", "Diagnostic.Tests\Diagnostic.Tests.csproj", "{31DC41A0-A797-4334-AE71-8FA88C6DBB8D}"
EndProject
Project("{FAE04EC0-301F-11D3-BF4B-00C04F79EFBC}") = "Hardware.Tcp", "Hardware.Tcp\Hardware.Tcp.csproj", "{281409C8-104C-4167-B5E9-DA9032034803}"
EndProject
Project("{FAE04EC0-301F-11D3-BF4B-00C04F79EFBC}") = "Hardware.Modbus", "Hardware.Modbus\Hardware.Modbus.csproj", "{FA1A2A2F-C31D-4588-AFDD-EFCBE654E93D}"
EndProject
Project("{FAE04EC0-301F-11D3-BF4B-00C04F79EFBC}") = "Core.Scripting", "Core.Scripting\Core.Scripting.csproj", "{25580F3F-E2B3-4762-8E40-1D3378456F14}"
EndProject
Project("{FAE04EC0-301F-11D3-BF4B-00C04F79EFBC}") = "Core.Scripting.Tests", "Core.Scripting.Tests\Core.Scripting.Tests.csproj", "{D030AF54-4C87-4B75-8BBF-67A3CBFCA8F6}"
EndProject
Project("{FAE04EC0-301F-11D3-BF4B-00C04F79EFBC}") = "UserInterface.Notifications", "UserInterface.Notifications\UserInterface.Notifications.csproj", "{D65964B8-A80A-4ED6-A702-AC871529813F}"
EndProject
Project("{FAE04EC0-301F-11D3-BF4B-00C04F79EFBC}") = "Hardware.Can", "Hardware.Can\Hardware.Can.csproj", "{12360666-20BA-42C9-BC06-5F3766B11BB7}"
EndProject
Project("{FAE04EC0-301F-11D3-BF4B-00C04F79EFBC}") = "Hardware.Can.Peak", "Hardware.Can.Peak\Hardware.Can.Peak.csproj", "{589DA018-3B3A-4E20-95C8-3A8F046B598D}"
EndProject
Project("{FAE04EC0-301F-11D3-BF4B-00C04F79EFBC}") = "Control.PID", "Control.PID\Control.PID.csproj", "{38B8B17B-720B-4C82-982D-B9935F372934}"
EndProject
Project("{FAE04EC0-301F-11D3-BF4B-00C04F79EFBC}") = "Control.PID.Tests", "Control.PID.Tests\Control.PID.Tests.csproj", "{A4232BF0-D141-40DD-80BD-77F3948C5E7B}"
EndProject
Project("{FAE04EC0-301F-11D3-BF4B-00C04F79EFBC}") = "Control", "Control\Control.csproj", "{C52AC350-467D-4937-813F-6E382808424F}"
EndProject
Project("{FAE04EC0-301F-11D3-BF4B-00C04F79EFBC}") = "Hardware.Opc.Ua", "Hardware.Opc.Ua\Hardware.Opc.Ua.csproj", "{EB596D39-A488-4C33-9760-04C4AD3CD6D6}"
EndProject
Project("{FAE04EC0-301F-11D3-BF4B-00C04F79EFBC}") = "Database", "Database\Database.csproj", "{EF533670-2BB7-4B0F-B8D3-BDD4F85DD43C}"
EndProject
Project("{FAE04EC0-301F-11D3-BF4B-00C04F79EFBC}") = "Database.Tests", "Database.Tests\Database.Tests.csproj", "{2FBE984D-BEB8-4C12-BC8A-193E5BD4A9E4}"
EndProject
Project("{FAE04EC0-301F-11D3-BF4B-00C04F79EFBC}") = "Rest", "Rest\Rest.csproj", "{19F7A860-0B47-4D98-A429-26521BB990A9}"
EndProject
Project("{FAE04EC0-301F-11D3-BF4B-00C04F79EFBC}") = "Configuration", "Configuration\Configuration.csproj", "{EE43F7DF-EF10-4293-86A5-CD2069CBCFAF}"
EndProject
Project("{2150E333-8FDC-42A3-9474-1A3956D46DE8}") = "Solution Items", "Solution Items", "{09E339FE-BC22-453C-B845-2044A68EB16D}"
	ProjectSection(SolutionItems) = preProject
		.editorconfig = .editorconfig
	EndProjectSection
EndProject
Project("{FAE04EC0-301F-11D3-BF4B-00C04F79EFBC}") = "UserInterface.Controls.Tests", "UserInterface.Controls.Tests\UserInterface.Controls.Tests.csproj", "{5F390910-D0E6-41C4-A675-F6966FDCCD16}"
EndProject
Global
	GlobalSection(SolutionConfigurationPlatforms) = preSolution
		Debug|Any CPU = Debug|Any CPU
		Release|Any CPU = Release|Any CPU
	EndGlobalSection
	GlobalSection(ProjectConfigurationPlatforms) = postSolution
		{C0F5ECDE-B7AD-42B3-ACF8-D5486B0E4C44}.Debug|Any CPU.ActiveCfg = Debug|Any CPU
		{C0F5ECDE-B7AD-42B3-ACF8-D5486B0E4C44}.Debug|Any CPU.Build.0 = Debug|Any CPU
		{C0F5ECDE-B7AD-42B3-ACF8-D5486B0E4C44}.Release|Any CPU.ActiveCfg = Release|Any CPU
		{C0F5ECDE-B7AD-42B3-ACF8-D5486B0E4C44}.Release|Any CPU.Build.0 = Release|Any CPU
		{1967AA9E-7FB5-4B63-AD7B-8394D65B6E8F}.Debug|Any CPU.ActiveCfg = Debug|Any CPU
		{1967AA9E-7FB5-4B63-AD7B-8394D65B6E8F}.Debug|Any CPU.Build.0 = Debug|Any CPU
		{1967AA9E-7FB5-4B63-AD7B-8394D65B6E8F}.Release|Any CPU.ActiveCfg = Release|Any CPU
		{1967AA9E-7FB5-4B63-AD7B-8394D65B6E8F}.Release|Any CPU.Build.0 = Release|Any CPU
		{2DD453BC-D187-4023-9222-48DDF02BA689}.Debug|Any CPU.ActiveCfg = Debug|Any CPU
		{2DD453BC-D187-4023-9222-48DDF02BA689}.Debug|Any CPU.Build.0 = Debug|Any CPU
		{2DD453BC-D187-4023-9222-48DDF02BA689}.Release|Any CPU.ActiveCfg = Release|Any CPU
		{2DD453BC-D187-4023-9222-48DDF02BA689}.Release|Any CPU.Build.0 = Release|Any CPU
		{7DEB54D9-B9F1-4B05-8D81-D7B4F77631D1}.Debug|Any CPU.ActiveCfg = Debug|Any CPU
		{7DEB54D9-B9F1-4B05-8D81-D7B4F77631D1}.Debug|Any CPU.Build.0 = Debug|Any CPU
		{7DEB54D9-B9F1-4B05-8D81-D7B4F77631D1}.Release|Any CPU.ActiveCfg = Release|Any CPU
		{7DEB54D9-B9F1-4B05-8D81-D7B4F77631D1}.Release|Any CPU.Build.0 = Release|Any CPU
		{65535B13-4850-4EC8-893D-58F3BC49C457}.Debug|Any CPU.ActiveCfg = Debug|Any CPU
		{65535B13-4850-4EC8-893D-58F3BC49C457}.Debug|Any CPU.Build.0 = Debug|Any CPU
		{65535B13-4850-4EC8-893D-58F3BC49C457}.Release|Any CPU.ActiveCfg = Release|Any CPU
		{65535B13-4850-4EC8-893D-58F3BC49C457}.Release|Any CPU.Build.0 = Release|Any CPU
		{75DFACF6-E820-4E3F-83D5-1E21FBC92385}.Debug|Any CPU.ActiveCfg = Debug|Any CPU
		{75DFACF6-E820-4E3F-83D5-1E21FBC92385}.Debug|Any CPU.Build.0 = Debug|Any CPU
		{75DFACF6-E820-4E3F-83D5-1E21FBC92385}.Release|Any CPU.ActiveCfg = Release|Any CPU
		{75DFACF6-E820-4E3F-83D5-1E21FBC92385}.Release|Any CPU.Build.0 = Release|Any CPU
		{99A5662C-2D88-40D4-A8CC-FDFA65964AFF}.Debug|Any CPU.ActiveCfg = Debug|Any CPU
		{99A5662C-2D88-40D4-A8CC-FDFA65964AFF}.Debug|Any CPU.Build.0 = Debug|Any CPU
		{99A5662C-2D88-40D4-A8CC-FDFA65964AFF}.Release|Any CPU.ActiveCfg = Release|Any CPU
		{99A5662C-2D88-40D4-A8CC-FDFA65964AFF}.Release|Any CPU.Build.0 = Release|Any CPU
		{5F25ACCA-8DA7-4F88-B326-8FC931E23E85}.Debug|Any CPU.ActiveCfg = Debug|Any CPU
		{5F25ACCA-8DA7-4F88-B326-8FC931E23E85}.Debug|Any CPU.Build.0 = Debug|Any CPU
		{5F25ACCA-8DA7-4F88-B326-8FC931E23E85}.Release|Any CPU.ActiveCfg = Release|Any CPU
		{5F25ACCA-8DA7-4F88-B326-8FC931E23E85}.Release|Any CPU.Build.0 = Release|Any CPU
		{E5630A9F-E4FA-477E-9821-8565812E2C6F}.Debug|Any CPU.ActiveCfg = Debug|Any CPU
		{E5630A9F-E4FA-477E-9821-8565812E2C6F}.Debug|Any CPU.Build.0 = Debug|Any CPU
		{E5630A9F-E4FA-477E-9821-8565812E2C6F}.Release|Any CPU.ActiveCfg = Release|Any CPU
		{E5630A9F-E4FA-477E-9821-8565812E2C6F}.Release|Any CPU.Build.0 = Release|Any CPU
		{7C81EA22-4F72-4411-82A8-8CEA9FF41AB3}.Debug|Any CPU.ActiveCfg = Debug|Any CPU
		{7C81EA22-4F72-4411-82A8-8CEA9FF41AB3}.Debug|Any CPU.Build.0 = Debug|Any CPU
		{7C81EA22-4F72-4411-82A8-8CEA9FF41AB3}.Release|Any CPU.ActiveCfg = Release|Any CPU
		{7C81EA22-4F72-4411-82A8-8CEA9FF41AB3}.Release|Any CPU.Build.0 = Release|Any CPU
		{15F9B789-4478-4B0A-9A2A-C2B78F21CF47}.Debug|Any CPU.ActiveCfg = Debug|Any CPU
		{15F9B789-4478-4B0A-9A2A-C2B78F21CF47}.Debug|Any CPU.Build.0 = Debug|Any CPU
		{15F9B789-4478-4B0A-9A2A-C2B78F21CF47}.Release|Any CPU.ActiveCfg = Release|Any CPU
		{15F9B789-4478-4B0A-9A2A-C2B78F21CF47}.Release|Any CPU.Build.0 = Release|Any CPU
		{7CD54F15-DF6A-4829-8AFD-E714ECF9F505}.Debug|Any CPU.ActiveCfg = Debug|Any CPU
		{7CD54F15-DF6A-4829-8AFD-E714ECF9F505}.Debug|Any CPU.Build.0 = Debug|Any CPU
		{7CD54F15-DF6A-4829-8AFD-E714ECF9F505}.Release|Any CPU.ActiveCfg = Release|Any CPU
		{7CD54F15-DF6A-4829-8AFD-E714ECF9F505}.Release|Any CPU.Build.0 = Release|Any CPU
		{B0E053BC-1B89-4C83-B819-5EC032B2566F}.Debug|Any CPU.ActiveCfg = Debug|Any CPU
		{B0E053BC-1B89-4C83-B819-5EC032B2566F}.Debug|Any CPU.Build.0 = Debug|Any CPU
		{B0E053BC-1B89-4C83-B819-5EC032B2566F}.Release|Any CPU.ActiveCfg = Release|Any CPU
		{B0E053BC-1B89-4C83-B819-5EC032B2566F}.Release|Any CPU.Build.0 = Release|Any CPU
		{2B7099E9-BA1C-4DB0-A4FB-96C121031060}.Debug|Any CPU.ActiveCfg = Debug|Any CPU
		{2B7099E9-BA1C-4DB0-A4FB-96C121031060}.Debug|Any CPU.Build.0 = Debug|Any CPU
		{2B7099E9-BA1C-4DB0-A4FB-96C121031060}.Release|Any CPU.ActiveCfg = Release|Any CPU
		{2B7099E9-BA1C-4DB0-A4FB-96C121031060}.Release|Any CPU.Build.0 = Release|Any CPU
		{CFE7C7F0-3A06-42EC-905B-4B9DB2358BC1}.Debug|Any CPU.ActiveCfg = Debug|Any CPU
		{CFE7C7F0-3A06-42EC-905B-4B9DB2358BC1}.Debug|Any CPU.Build.0 = Debug|Any CPU
		{CFE7C7F0-3A06-42EC-905B-4B9DB2358BC1}.Release|Any CPU.ActiveCfg = Release|Any CPU
		{CFE7C7F0-3A06-42EC-905B-4B9DB2358BC1}.Release|Any CPU.Build.0 = Release|Any CPU
		{55CB7D92-F9F3-43B8-8A82-D886FC194106}.Debug|Any CPU.ActiveCfg = Debug|Any CPU
		{55CB7D92-F9F3-43B8-8A82-D886FC194106}.Debug|Any CPU.Build.0 = Debug|Any CPU
		{55CB7D92-F9F3-43B8-8A82-D886FC194106}.Release|Any CPU.ActiveCfg = Release|Any CPU
		{55CB7D92-F9F3-43B8-8A82-D886FC194106}.Release|Any CPU.Build.0 = Release|Any CPU
		{D28BD657-8261-4430-B7BC-3BBA377FCD87}.Debug|Any CPU.ActiveCfg = Debug|Any CPU
		{D28BD657-8261-4430-B7BC-3BBA377FCD87}.Debug|Any CPU.Build.0 = Debug|Any CPU
		{D28BD657-8261-4430-B7BC-3BBA377FCD87}.Release|Any CPU.ActiveCfg = Release|Any CPU
		{D28BD657-8261-4430-B7BC-3BBA377FCD87}.Release|Any CPU.Build.0 = Release|Any CPU
		{9F1EABB2-F717-46A7-A46C-CE773D25A1AE}.Debug|Any CPU.ActiveCfg = Debug|Any CPU
		{9F1EABB2-F717-46A7-A46C-CE773D25A1AE}.Debug|Any CPU.Build.0 = Debug|Any CPU
		{9F1EABB2-F717-46A7-A46C-CE773D25A1AE}.Release|Any CPU.ActiveCfg = Release|Any CPU
		{9F1EABB2-F717-46A7-A46C-CE773D25A1AE}.Release|Any CPU.Build.0 = Release|Any CPU
		{37CEFA61-BFAF-4F15-944C-A302B9339DDA}.Debug|Any CPU.ActiveCfg = Debug|Any CPU
		{37CEFA61-BFAF-4F15-944C-A302B9339DDA}.Debug|Any CPU.Build.0 = Debug|Any CPU
		{37CEFA61-BFAF-4F15-944C-A302B9339DDA}.Release|Any CPU.ActiveCfg = Release|Any CPU
		{37CEFA61-BFAF-4F15-944C-A302B9339DDA}.Release|Any CPU.Build.0 = Release|Any CPU
		{38B143CC-9481-468A-88AF-48DEDBC36C96}.Debug|Any CPU.ActiveCfg = Debug|Any CPU
		{38B143CC-9481-468A-88AF-48DEDBC36C96}.Debug|Any CPU.Build.0 = Debug|Any CPU
		{38B143CC-9481-468A-88AF-48DEDBC36C96}.Release|Any CPU.ActiveCfg = Release|Any CPU
		{38B143CC-9481-468A-88AF-48DEDBC36C96}.Release|Any CPU.Build.0 = Release|Any CPU
		{7EDD29C2-D0C7-4990-BDEE-117EBC9DEB72}.Debug|Any CPU.ActiveCfg = Debug|Any CPU
		{7EDD29C2-D0C7-4990-BDEE-117EBC9DEB72}.Debug|Any CPU.Build.0 = Debug|Any CPU
		{7EDD29C2-D0C7-4990-BDEE-117EBC9DEB72}.Release|Any CPU.ActiveCfg = Release|Any CPU
		{7EDD29C2-D0C7-4990-BDEE-117EBC9DEB72}.Release|Any CPU.Build.0 = Release|Any CPU
		{4944754E-8566-44D6-933F-38F8DDC98F55}.Debug|Any CPU.ActiveCfg = Debug|Any CPU
		{4944754E-8566-44D6-933F-38F8DDC98F55}.Debug|Any CPU.Build.0 = Debug|Any CPU
		{4944754E-8566-44D6-933F-38F8DDC98F55}.Release|Any CPU.ActiveCfg = Release|Any CPU
		{4944754E-8566-44D6-933F-38F8DDC98F55}.Release|Any CPU.Build.0 = Release|Any CPU
		{9BAE02F8-17B1-4DBD-BAB5-9387981AD393}.Debug|Any CPU.ActiveCfg = Debug|Any CPU
		{9BAE02F8-17B1-4DBD-BAB5-9387981AD393}.Debug|Any CPU.Build.0 = Debug|Any CPU
		{9BAE02F8-17B1-4DBD-BAB5-9387981AD393}.Release|Any CPU.ActiveCfg = Release|Any CPU
		{9BAE02F8-17B1-4DBD-BAB5-9387981AD393}.Release|Any CPU.Build.0 = Release|Any CPU
		{9A12DE29-C4AD-42CE-AB4B-88EBC819E83A}.Debug|Any CPU.ActiveCfg = Debug|Any CPU
		{9A12DE29-C4AD-42CE-AB4B-88EBC819E83A}.Debug|Any CPU.Build.0 = Debug|Any CPU
		{9A12DE29-C4AD-42CE-AB4B-88EBC819E83A}.Release|Any CPU.ActiveCfg = Release|Any CPU
		{9A12DE29-C4AD-42CE-AB4B-88EBC819E83A}.Release|Any CPU.Build.0 = Release|Any CPU
		{80459AAC-6834-4276-A000-ADB9EF874AC9}.Debug|Any CPU.ActiveCfg = Debug|Any CPU
		{80459AAC-6834-4276-A000-ADB9EF874AC9}.Debug|Any CPU.Build.0 = Debug|Any CPU
		{80459AAC-6834-4276-A000-ADB9EF874AC9}.Release|Any CPU.ActiveCfg = Release|Any CPU
		{80459AAC-6834-4276-A000-ADB9EF874AC9}.Release|Any CPU.Build.0 = Release|Any CPU
		{A288B86C-BC4E-4502-A88C-DF4A0DFBA7A7}.Debug|Any CPU.ActiveCfg = Debug|Any CPU
		{A288B86C-BC4E-4502-A88C-DF4A0DFBA7A7}.Debug|Any CPU.Build.0 = Debug|Any CPU
		{A288B86C-BC4E-4502-A88C-DF4A0DFBA7A7}.Release|Any CPU.ActiveCfg = Release|Any CPU
		{A288B86C-BC4E-4502-A88C-DF4A0DFBA7A7}.Release|Any CPU.Build.0 = Release|Any CPU
		{E9679662-FCA3-487B-9431-66620EE23328}.Debug|Any CPU.ActiveCfg = Debug|Any CPU
		{E9679662-FCA3-487B-9431-66620EE23328}.Debug|Any CPU.Build.0 = Debug|Any CPU
		{E9679662-FCA3-487B-9431-66620EE23328}.Release|Any CPU.ActiveCfg = Release|Any CPU
		{E9679662-FCA3-487B-9431-66620EE23328}.Release|Any CPU.Build.0 = Release|Any CPU
		{9BAFBCF6-C1C9-4BCB-8645-CBC055682DD0}.Debug|Any CPU.ActiveCfg = Debug|Any CPU
		{9BAFBCF6-C1C9-4BCB-8645-CBC055682DD0}.Debug|Any CPU.Build.0 = Debug|Any CPU
		{9BAFBCF6-C1C9-4BCB-8645-CBC055682DD0}.Release|Any CPU.ActiveCfg = Release|Any CPU
		{9BAFBCF6-C1C9-4BCB-8645-CBC055682DD0}.Release|Any CPU.Build.0 = Release|Any CPU
		{C8BDFAEE-7C9D-49EB-80BA-7667D4CB0766}.Debug|Any CPU.ActiveCfg = Debug|Any CPU
		{C8BDFAEE-7C9D-49EB-80BA-7667D4CB0766}.Debug|Any CPU.Build.0 = Debug|Any CPU
		{C8BDFAEE-7C9D-49EB-80BA-7667D4CB0766}.Release|Any CPU.ActiveCfg = Release|Any CPU
		{C8BDFAEE-7C9D-49EB-80BA-7667D4CB0766}.Release|Any CPU.Build.0 = Release|Any CPU
		{FA2FC7F9-5DDB-4336-B442-330640710794}.Debug|Any CPU.ActiveCfg = Debug|Any CPU
		{FA2FC7F9-5DDB-4336-B442-330640710794}.Debug|Any CPU.Build.0 = Debug|Any CPU
		{FA2FC7F9-5DDB-4336-B442-330640710794}.Release|Any CPU.ActiveCfg = Release|Any CPU
		{FA2FC7F9-5DDB-4336-B442-330640710794}.Release|Any CPU.Build.0 = Release|Any CPU
		{31DC41A0-A797-4334-AE71-8FA88C6DBB8D}.Debug|Any CPU.ActiveCfg = Debug|Any CPU
		{31DC41A0-A797-4334-AE71-8FA88C6DBB8D}.Debug|Any CPU.Build.0 = Debug|Any CPU
		{31DC41A0-A797-4334-AE71-8FA88C6DBB8D}.Release|Any CPU.ActiveCfg = Release|Any CPU
		{31DC41A0-A797-4334-AE71-8FA88C6DBB8D}.Release|Any CPU.Build.0 = Release|Any CPU
		{281409C8-104C-4167-B5E9-DA9032034803}.Debug|Any CPU.ActiveCfg = Debug|Any CPU
		{281409C8-104C-4167-B5E9-DA9032034803}.Debug|Any CPU.Build.0 = Debug|Any CPU
		{281409C8-104C-4167-B5E9-DA9032034803}.Release|Any CPU.ActiveCfg = Release|Any CPU
		{281409C8-104C-4167-B5E9-DA9032034803}.Release|Any CPU.Build.0 = Release|Any CPU
		{FA1A2A2F-C31D-4588-AFDD-EFCBE654E93D}.Debug|Any CPU.ActiveCfg = Debug|Any CPU
		{FA1A2A2F-C31D-4588-AFDD-EFCBE654E93D}.Debug|Any CPU.Build.0 = Debug|Any CPU
		{FA1A2A2F-C31D-4588-AFDD-EFCBE654E93D}.Release|Any CPU.ActiveCfg = Release|Any CPU
		{FA1A2A2F-C31D-4588-AFDD-EFCBE654E93D}.Release|Any CPU.Build.0 = Release|Any CPU
		{25580F3F-E2B3-4762-8E40-1D3378456F14}.Debug|Any CPU.ActiveCfg = Debug|Any CPU
		{25580F3F-E2B3-4762-8E40-1D3378456F14}.Debug|Any CPU.Build.0 = Debug|Any CPU
		{25580F3F-E2B3-4762-8E40-1D3378456F14}.Release|Any CPU.ActiveCfg = Release|Any CPU
		{25580F3F-E2B3-4762-8E40-1D3378456F14}.Release|Any CPU.Build.0 = Release|Any CPU
		{D030AF54-4C87-4B75-8BBF-67A3CBFCA8F6}.Debug|Any CPU.ActiveCfg = Debug|Any CPU
		{D030AF54-4C87-4B75-8BBF-67A3CBFCA8F6}.Debug|Any CPU.Build.0 = Debug|Any CPU
		{D030AF54-4C87-4B75-8BBF-67A3CBFCA8F6}.Release|Any CPU.ActiveCfg = Release|Any CPU
		{D030AF54-4C87-4B75-8BBF-67A3CBFCA8F6}.Release|Any CPU.Build.0 = Release|Any CPU
		{D65964B8-A80A-4ED6-A702-AC871529813F}.Debug|Any CPU.ActiveCfg = Debug|Any CPU
		{D65964B8-A80A-4ED6-A702-AC871529813F}.Debug|Any CPU.Build.0 = Debug|Any CPU
		{D65964B8-A80A-4ED6-A702-AC871529813F}.Release|Any CPU.ActiveCfg = Release|Any CPU
		{D65964B8-A80A-4ED6-A702-AC871529813F}.Release|Any CPU.Build.0 = Release|Any CPU
		{12360666-20BA-42C9-BC06-5F3766B11BB7}.Debug|Any CPU.ActiveCfg = Debug|Any CPU
		{12360666-20BA-42C9-BC06-5F3766B11BB7}.Debug|Any CPU.Build.0 = Debug|Any CPU
		{12360666-20BA-42C9-BC06-5F3766B11BB7}.Release|Any CPU.ActiveCfg = Release|Any CPU
		{12360666-20BA-42C9-BC06-5F3766B11BB7}.Release|Any CPU.Build.0 = Release|Any CPU
		{589DA018-3B3A-4E20-95C8-3A8F046B598D}.Debug|Any CPU.ActiveCfg = Debug|Any CPU
		{589DA018-3B3A-4E20-95C8-3A8F046B598D}.Debug|Any CPU.Build.0 = Debug|Any CPU
		{589DA018-3B3A-4E20-95C8-3A8F046B598D}.Release|Any CPU.ActiveCfg = Release|Any CPU
		{589DA018-3B3A-4E20-95C8-3A8F046B598D}.Release|Any CPU.Build.0 = Release|Any CPU
		{38B8B17B-720B-4C82-982D-B9935F372934}.Debug|Any CPU.ActiveCfg = Debug|Any CPU
		{38B8B17B-720B-4C82-982D-B9935F372934}.Debug|Any CPU.Build.0 = Debug|Any CPU
		{38B8B17B-720B-4C82-982D-B9935F372934}.Release|Any CPU.ActiveCfg = Release|Any CPU
		{38B8B17B-720B-4C82-982D-B9935F372934}.Release|Any CPU.Build.0 = Release|Any CPU
		{A4232BF0-D141-40DD-80BD-77F3948C5E7B}.Debug|Any CPU.ActiveCfg = Debug|Any CPU
		{A4232BF0-D141-40DD-80BD-77F3948C5E7B}.Debug|Any CPU.Build.0 = Debug|Any CPU
		{A4232BF0-D141-40DD-80BD-77F3948C5E7B}.Release|Any CPU.ActiveCfg = Release|Any CPU
		{A4232BF0-D141-40DD-80BD-77F3948C5E7B}.Release|Any CPU.Build.0 = Release|Any CPU
		{C52AC350-467D-4937-813F-6E382808424F}.Debug|Any CPU.ActiveCfg = Debug|Any CPU
		{C52AC350-467D-4937-813F-6E382808424F}.Debug|Any CPU.Build.0 = Debug|Any CPU
		{C52AC350-467D-4937-813F-6E382808424F}.Release|Any CPU.ActiveCfg = Release|Any CPU
		{C52AC350-467D-4937-813F-6E382808424F}.Release|Any CPU.Build.0 = Release|Any CPU
		{EB596D39-A488-4C33-9760-04C4AD3CD6D6}.Debug|Any CPU.ActiveCfg = Debug|Any CPU
		{EB596D39-A488-4C33-9760-04C4AD3CD6D6}.Debug|Any CPU.Build.0 = Debug|Any CPU
		{EB596D39-A488-4C33-9760-04C4AD3CD6D6}.Release|Any CPU.ActiveCfg = Release|Any CPU
		{EB596D39-A488-4C33-9760-04C4AD3CD6D6}.Release|Any CPU.Build.0 = Release|Any CPU
		{EF533670-2BB7-4B0F-B8D3-BDD4F85DD43C}.Debug|Any CPU.ActiveCfg = Debug|Any CPU
		{EF533670-2BB7-4B0F-B8D3-BDD4F85DD43C}.Debug|Any CPU.Build.0 = Debug|Any CPU
		{EF533670-2BB7-4B0F-B8D3-BDD4F85DD43C}.Release|Any CPU.ActiveCfg = Release|Any CPU
		{EF533670-2BB7-4B0F-B8D3-BDD4F85DD43C}.Release|Any CPU.Build.0 = Release|Any CPU
		{2FBE984D-BEB8-4C12-BC8A-193E5BD4A9E4}.Debug|Any CPU.ActiveCfg = Debug|Any CPU
		{2FBE984D-BEB8-4C12-BC8A-193E5BD4A9E4}.Debug|Any CPU.Build.0 = Debug|Any CPU
		{2FBE984D-BEB8-4C12-BC8A-193E5BD4A9E4}.Release|Any CPU.ActiveCfg = Release|Any CPU
		{2FBE984D-BEB8-4C12-BC8A-193E5BD4A9E4}.Release|Any CPU.Build.0 = Release|Any CPU
		{19F7A860-0B47-4D98-A429-26521BB990A9}.Debug|Any CPU.ActiveCfg = Debug|Any CPU
		{19F7A860-0B47-4D98-A429-26521BB990A9}.Debug|Any CPU.Build.0 = Debug|Any CPU
		{19F7A860-0B47-4D98-A429-26521BB990A9}.Release|Any CPU.ActiveCfg = Release|Any CPU
		{19F7A860-0B47-4D98-A429-26521BB990A9}.Release|Any CPU.Build.0 = Release|Any CPU
		{EE43F7DF-EF10-4293-86A5-CD2069CBCFAF}.Debug|Any CPU.ActiveCfg = Debug|Any CPU
		{EE43F7DF-EF10-4293-86A5-CD2069CBCFAF}.Debug|Any CPU.Build.0 = Debug|Any CPU
		{EE43F7DF-EF10-4293-86A5-CD2069CBCFAF}.Release|Any CPU.ActiveCfg = Release|Any CPU
		{EE43F7DF-EF10-4293-86A5-CD2069CBCFAF}.Release|Any CPU.Build.0 = Release|Any CPU
		{5F390910-D0E6-41C4-A675-F6966FDCCD16}.Debug|Any CPU.ActiveCfg = Debug|Any CPU
		{5F390910-D0E6-41C4-A675-F6966FDCCD16}.Debug|Any CPU.Build.0 = Debug|Any CPU
		{5F390910-D0E6-41C4-A675-F6966FDCCD16}.Release|Any CPU.ActiveCfg = Release|Any CPU
		{5F390910-D0E6-41C4-A675-F6966FDCCD16}.Release|Any CPU.Build.0 = Release|Any CPU
	EndGlobalSection
	GlobalSection(SolutionProperties) = preSolution
		HideSolutionNode = FALSE
	EndGlobalSection
	GlobalSection(ExtensibilityGlobals) = postSolution
		SolutionGuid = {94CEDAC4-5E2B-4E25-938D-AA666821B1F0}
	EndGlobalSection
EndGlobal
